PODS:
  - AIFlatSwitch (1.0.7)
  - AnimatedGradientView (2.0.0)

DEPENDENCIES:
  - AIFlatSwitch
  - AnimatedGradientView (from `https://github.com/rwbutler/AnimatedGradientView.git`, branch `swift-5`)

SPEC REPOS:
  trunk:
    - AIFlatSwitch

EXTERNAL SOURCES:
  AnimatedGradientView:
    :branch: swift-5
    :git: https://github.com/rwbutler/AnimatedGradientView.git

CHECKOUT OPTIONS:
  AnimatedGradientView:
    :commit: 212188047d74bd48ebc8046ca1897a6d23bd2fcf
    :git: https://github.com/rwbutler/AnimatedGradientView.git

SPEC CHECKSUMS:
  AIFlatSwitch: fd56a5e6ab8769f0b52cef815c4f071e83050352
  AnimatedGradientView: c80156d88aba16953af9d381b216ee9bc22ea945

PODFILE CHECKSUM: 36b1402ce396b17e9bd3641d8f1d66c4a11edd7f

COCOAPODS: 1.8.3
