// !$*UTF8*$!
{
	archiveVersion = 1;
	classes = {
	};
	objectVersion = 54;
	objects = {

/* Begin PBXBuildFile section */
		12F895F82A6BFA32000389B7 /* PermissionView.swift in Sources */ = {isa = PBXBuildFile; fileRef = 12F895F72A6BFA32000389B7 /* PermissionView.swift */; };
		12F895FA2A6BFC8A000389B7 /* PermissonViewController.swift in Sources */ = {isa = PBXBuildFile; fileRef = 12F895F92A6BFC8A000389B7 /* PermissonViewController.swift */; };
		12FD5FB72A70FB21003A532E /* shum.wav in Resources */ = {isa = PBXBuildFile; fileRef = 12FD5FB62A70FB21003A532E /* shum.wav */; };
		7E07A10123AFBEE300B9D61A /* WelcomeCreateScheduleViewController.swift in Sources */ = {isa = PBXBuildFile; fileRef = 7E07A10023AFBEE300B9D61A /* WelcomeCreateScheduleViewController.swift */; };
		7E0B88F72455BEF400BC3CF5 /* SelectableStackViewButton.swift in Sources */ = {isa = PBXBuildFile; fileRef = 7E0B88F52455BEF400BC3CF5 /* SelectableStackViewButton.swift */; };
		7E13C71F27617F73009310CD /* UITabBarItem+withSystemIcons.swift in Sources */ = {isa = PBXBuildFile; fileRef = 7E13C71E27617F73009310CD /* UITabBarItem+withSystemIcons.swift */; };
		7E153969274801F100CC2E7B /* EditScheduleSegmentedControlCell.swift in Sources */ = {isa = PBXBuildFile; fileRef = 7E153968274801F100CC2E7B /* EditScheduleSegmentedControlCell.swift */; };
		7E15396B2748028400CC2E7B /* UISegmentedControl+Styleable.swift in Sources */ = {isa = PBXBuildFile; fileRef = 7E15396A2748028400CC2E7B /* UISegmentedControl+Styleable.swift */; };
		7E15396D2748043700CC2E7B /* EditScheduleSegmentedControlCell+Model.swift in Sources */ = {isa = PBXBuildFile; fileRef = 7E15396C2748043700CC2E7B /* EditScheduleSegmentedControlCell+Model.swift */; };
		7E15396F2748156C00CC2E7B /* SelfHeightSizing.swift in Sources */ = {isa = PBXBuildFile; fileRef = 7E15396E2748156C00CC2E7B /* SelfHeightSizing.swift */; };
		7E15397327494C1F00CC2E7B /* AudioPlayerError.swift in Sources */ = {isa = PBXBuildFile; fileRef = 7E15397227494C1F00CC2E7B /* AudioPlayerError.swift */; };
		7E15397527494C3400CC2E7B /* Sound.swift in Sources */ = {isa = PBXBuildFile; fileRef = 7E15397427494C3400CC2E7B /* Sound.swift */; };
		7E15397C2749674B00CC2E7B /* RefreshSunTimesView.swift in Sources */ = {isa = PBXBuildFile; fileRef = 7E15397B2749674B00CC2E7B /* RefreshSunTimesView.swift */; };
		7E15397E2749675300CC2E7B /* RefreshSunTimesViewController.swift in Sources */ = {isa = PBXBuildFile; fileRef = 7E15397D2749675300CC2E7B /* RefreshSunTimesViewController.swift */; };
		7E15398C2749D70C00CC2E7B /* CloseableButton.swift in Sources */ = {isa = PBXBuildFile; fileRef = 7E15398B2749D70C00CC2E7B /* CloseableButton.swift */; };
		7E15398E2749D71E00CC2E7B /* CloseButton.swift in Sources */ = {isa = PBXBuildFile; fileRef = 7E15398D2749D71E00CC2E7B /* CloseButton.swift */; };
		7E18C6C727616B3300BD6471 /* UINavigationController+replaceAllOnTopOfRoot.swift in Sources */ = {isa = PBXBuildFile; fileRef = 7E18C6C627616B3300BD6471 /* UINavigationController+replaceAllOnTopOfRoot.swift */; };
		7E199CD2240BD41D00B702AD /* SliderWithValues.swift in Sources */ = {isa = PBXBuildFile; fileRef = 7E199CD1240BD41D00B702AD /* SliderWithValues.swift */; };
		7E199CD4240BD43400B702AD /* SliderWithValues.xib in Resources */ = {isa = PBXBuildFile; fileRef = 7E199CD3240BD43400B702AD /* SliderWithValues.xib */; };
		7E252A8826EBBE6600DEB6F0 /* OnboardingViewController.swift in Sources */ = {isa = PBXBuildFile; fileRef = 7E252A8726EBBE6600DEB6F0 /* OnboardingViewController.swift */; };
		7E252A8A26EBBE9600DEB6F0 /* OnboardingView.swift in Sources */ = {isa = PBXBuildFile; fileRef = 7E252A8926EBBE9600DEB6F0 /* OnboardingView.swift */; };
		7E25756723F8749A007AE4B5 /* Animation.swift in Sources */ = {isa = PBXBuildFile; fileRef = 7E25756623F8749A007AE4B5 /* Animation.swift */; };
		7E2CA81024032A0F000CEFA5 /* TableCellConfigurator.swift in Sources */ = {isa = PBXBuildFile; fileRef = 7E2CA80F24032A0F000CEFA5 /* TableCellConfigurator.swift */; };
		7E2E0A692744471B00A51344 /* IntensityCreateScheduleViewController.swift in Sources */ = {isa = PBXBuildFile; fileRef = 7E2E0A682744471B00A51344 /* IntensityCreateScheduleViewController.swift */; };
		7E31497D23425CA600941606 /* TableViewDataSource.swift in Sources */ = {isa = PBXBuildFile; fileRef = 7E31497C23425CA600941606 /* TableViewDataSource.swift */; };
		7E31497F23425D3700941606 /* EditScheduleTableView.swift in Sources */ = {isa = PBXBuildFile; fileRef = 7E31497E23425D3700941606 /* EditScheduleTableView.swift */; };
		7E326313275EBCFB0045CEA0 /* CrossDissolveTransition.swift in Sources */ = {isa = PBXBuildFile; fileRef = 7E326312275EBCFB0045CEA0 /* CrossDissolveTransition.swift */; };
		7E326315275EBD1E0045CEA0 /* NavigationController.swift in Sources */ = {isa = PBXBuildFile; fileRef = 7E326314275EBD1E0045CEA0 /* NavigationController.swift */; };
		7E3414BE28426F6900725580 /* SelectableStackView in Frameworks */ = {isa = PBXBuildFile; productRef = 7E3414BD28426F6900725580 /* SelectableStackView */; };
		7E3414C028426F6900725580 /* LoadingView in Frameworks */ = {isa = PBXBuildFile; productRef = 7E3414BF28426F6900725580 /* LoadingView */; };
		7E346CE5274A5BFE00848DBB /* AdjustScheduleView.swift in Sources */ = {isa = PBXBuildFile; fileRef = 7E346CE2274A5BFE00848DBB /* AdjustScheduleView.swift */; };
		7E346CE7274A5BFE00848DBB /* AdjustScheduleViewController.swift in Sources */ = {isa = PBXBuildFile; fileRef = 7E346CE4274A5BFE00848DBB /* AdjustScheduleViewController.swift */; };
		7E346CE9274A5C5500848DBB /* ScreenTitleView.swift in Sources */ = {isa = PBXBuildFile; fileRef = 7E346CE8274A5C5500848DBB /* ScreenTitleView.swift */; };
		7E346CEB274A635F00848DBB /* View.swift in Sources */ = {isa = PBXBuildFile; fileRef = 7E346CEA274A635F00848DBB /* View.swift */; };
		7E346CED274A637B00848DBB /* BackgroundView.swift in Sources */ = {isa = PBXBuildFile; fileRef = 7E346CEC274A637B00848DBB /* BackgroundView.swift */; };
		7E346CEF274A64E700848DBB /* UIViewController+addBackground.swift in Sources */ = {isa = PBXBuildFile; fileRef = 7E346CEE274A64E700848DBB /* UIViewController+addBackground.swift */; };
		7E346CF1274AC8F700848DBB /* UIViewController+addScreenTitleView.swift in Sources */ = {isa = PBXBuildFile; fileRef = 7E346CF0274AC8F700848DBB /* UIViewController+addScreenTitleView.swift */; };
		7E3543FF283A5C1200C1E149 /* Today.swift in Sources */ = {isa = PBXBuildFile; fileRef = 7E3543FE283A5C1200C1E149 /* Today.swift */; };
		7E354403283AA21F00C1E149 /* Days.swift in Sources */ = {isa = PBXBuildFile; fileRef = 7E354402283AA21F00C1E149 /* Days.swift */; };
		7E378662261679460098A204 /* CALayer+Styleable.swift in Sources */ = {isa = PBXBuildFile; fileRef = 7E378661261679460098A204 /* CALayer+Styleable.swift */; };
		7E388E38243A3C16001A28DF /* PropertyAnimatable.swift in Sources */ = {isa = PBXBuildFile; fileRef = 7E388E37243A3C16001A28DF /* PropertyAnimatable.swift */; };
		7E43063726EBC93300B67315 /* XCAssets+Generated.swift in Sources */ = {isa = PBXBuildFile; fileRef = 7E43063626EBC93300B67315 /* XCAssets+Generated.swift */; };
		7E43063926EBCEDD00B67315 /* UIView+addSubviews.swift in Sources */ = {isa = PBXBuildFile; fileRef = 7E43063826EBCEDD00B67315 /* UIView+addSubviews.swift */; };
		7E43063B26EBCEF600B67315 /* UIView+activateConstraints.swift in Sources */ = {isa = PBXBuildFile; fileRef = 7E43063A26EBCEF600B67315 /* UIView+activateConstraints.swift */; };
		7E43063D26ECC4E400B67315 /* ContentView.swift in Sources */ = {isa = PBXBuildFile; fileRef = 7E43063C26ECC4E400B67315 /* ContentView.swift */; };
		7E43064B26ED4FF600B67315 /* SettingsView.swift in Sources */ = {isa = PBXBuildFile; fileRef = 7E43064A26ED4FF600B67315 /* SettingsView.swift */; };
		7E43064E26ED514C00B67315 /* SettingItemView.swift in Sources */ = {isa = PBXBuildFile; fileRef = 7E43064D26ED514C00B67315 /* SettingItemView.swift */; };
		7E43065026ED528700B67315 /* UIStackView+addSeparators.swift in Sources */ = {isa = PBXBuildFile; fileRef = 7E43064F26ED528700B67315 /* UIStackView+addSeparators.swift */; };
		7E43065726EE4F2000B67315 /* AboutView.swift in Sources */ = {isa = PBXBuildFile; fileRef = 7E43065626EE4F2000B67315 /* AboutView.swift */; };
		7E43065926EE4F3200B67315 /* AboutViewController.swift in Sources */ = {isa = PBXBuildFile; fileRef = 7E43065826EE4F3200B67315 /* AboutViewController.swift */; };
		7E43065D26EE617500B67315 /* UIStackView+addArrangedSubviews.swift in Sources */ = {isa = PBXBuildFile; fileRef = 7E43065C26EE617500B67315 /* UIStackView+addArrangedSubviews.swift */; };
		7E43065F26EE63DB00B67315 /* AboutItemView.swift in Sources */ = {isa = PBXBuildFile; fileRef = 7E43065E26EE63DB00B67315 /* AboutItemView.swift */; };
		7E43066226EE974D00B67315 /* AboutIdentifier.swift in Sources */ = {isa = PBXBuildFile; fileRef = 7E43066126EE974D00B67315 /* AboutIdentifier.swift */; };
		7E4798F5239D894B007FB8F2 /* Storyboard.swift in Sources */ = {isa = PBXBuildFile; fileRef = 7E4798F4239D894B007FB8F2 /* Storyboard.swift */; };
		7E48D2B4274C22C900B14355 /* UIScreen+isSmallSize.swift in Sources */ = {isa = PBXBuildFile; fileRef = 7E48D2B3274C22C900B14355 /* UIScreen+isSmallSize.swift */; };
		7E514DB325A87F5E000EBE81 /* AlarmingViewController.swift in Sources */ = {isa = PBXBuildFile; fileRef = 7E514DB225A87F5E000EBE81 /* AlarmingViewController.swift */; };
		7E514DB825A87F67000EBE81 /* AlarmingView.swift in Sources */ = {isa = PBXBuildFile; fileRef = 7E514DB725A87F67000EBE81 /* AlarmingView.swift */; };
		7E541AF423FB259400BAD710 /* DaysCollectionCell.swift in Sources */ = {isa = PBXBuildFile; fileRef = 7E541AF223FB259400BAD710 /* DaysCollectionCell.swift */; };
		7E541AF723FB384F00BAD710 /* ConfigurableCell.swift in Sources */ = {isa = PBXBuildFile; fileRef = 7E541AF623FB384F00BAD710 /* ConfigurableCell.swift */; };
		7E541AF923FB386B00BAD710 /* CellConfigurator.swift in Sources */ = {isa = PBXBuildFile; fileRef = 7E541AF823FB386B00BAD710 /* CellConfigurator.swift */; };
		7E5A1E9F282FA868005F19D6 /* Onboarding.swift in Sources */ = {isa = PBXBuildFile; fileRef = 7E5A1E9E282FA868005F19D6 /* Onboarding.swift */; };
		7E5A1EAF282FE1CE005F19D6 /* Coordinator.swift in Sources */ = {isa = PBXBuildFile; fileRef = 7E5A1EAE282FE1CE005F19D6 /* Coordinator.swift */; };
		7E5E3350261A17FF000EE976 /* UIDatePicker+Styleable.swift in Sources */ = {isa = PBXBuildFile; fileRef = 7E5E334F261A17FF000EE976 /* UIDatePicker+Styleable.swift */; };
		7E5E3355261A3496000EE976 /* UIView+invertAlpha.swift in Sources */ = {isa = PBXBuildFile; fileRef = 7E5E3354261A3496000EE976 /* UIView+invertAlpha.swift */; };
		7E5E335A261A34B4000EE976 /* UIView+applyBlur.swift in Sources */ = {isa = PBXBuildFile; fileRef = 7E5E3359261A34B4000EE976 /* UIView+applyBlur.swift */; };
		7E5F292A23F9638C0050DFD3 /* FloatingLabel.swift in Sources */ = {isa = PBXBuildFile; fileRef = 7E5F292923F9638C0050DFD3 /* FloatingLabel.swift */; };
		7E6225AA26192DF9001AA8FD /* Styleable.swift in Sources */ = {isa = PBXBuildFile; fileRef = 7E6225A926192DF9001AA8FD /* Styleable.swift */; };
		7E6225B326192E24001AA8FD /* UILabel+Styleable.swift in Sources */ = {isa = PBXBuildFile; fileRef = 7E6225B226192E24001AA8FD /* UILabel+Styleable.swift */; };
		7E6225B826192E3F001AA8FD /* UIButton+Styleable.swift in Sources */ = {isa = PBXBuildFile; fileRef = 7E6225B726192E3F001AA8FD /* UIButton+Styleable.swift */; };
		7E6225C026192E6E001AA8FD /* UITabBarItemAppearance+Styleable.swift in Sources */ = {isa = PBXBuildFile; fileRef = 7E6225BF26192E6E001AA8FD /* UITabBarItemAppearance+Styleable.swift */; };
		7E6225D22619CD75001AA8FD /* HorizontalFadeView.swift in Sources */ = {isa = PBXBuildFile; fileRef = 7E6225D12619CD75001AA8FD /* HorizontalFadeView.swift */; };
		7E6225D72619CD9F001AA8FD /* Gradientable.swift in Sources */ = {isa = PBXBuildFile; fileRef = 7E6225D62619CD9F001AA8FD /* Gradientable.swift */; };
		7E6225DF2619CDE7001AA8FD /* CAGradientLayer+Gradientable.swift in Sources */ = {isa = PBXBuildFile; fileRef = 7E6225DE2619CDE7001AA8FD /* CAGradientLayer+Gradientable.swift */; };
		7E6268C024D5D49C00F70BC3 /* TodayView.swift in Sources */ = {isa = PBXBuildFile; fileRef = 7E6268BF24D5D49C00F70BC3 /* TodayView.swift */; };
		7E69837024EC69A5002EE278 /* AlertCreatable.swift in Sources */ = {isa = PBXBuildFile; fileRef = 7E69836F24EC69A5002EE278 /* AlertCreatable.swift */; };
		7E69837224EC69B8002EE278 /* AlertPresentable.swift in Sources */ = {isa = PBXBuildFile; fileRef = 7E69837124EC69B8002EE278 /* AlertPresentable.swift */; };
		7E69837624EC69DE002EE278 /* ErrorViewAddable.swift in Sources */ = {isa = PBXBuildFile; fileRef = 7E69837524EC69DE002EE278 /* ErrorViewAddable.swift */; };
		7E69837824EC69EE002EE278 /* ErrorViewCreatable.swift in Sources */ = {isa = PBXBuildFile; fileRef = 7E69837724EC69EE002EE278 /* ErrorViewCreatable.swift */; };
		7E69837A24EC69FE002EE278 /* ErrorViewRemovable.swift in Sources */ = {isa = PBXBuildFile; fileRef = 7E69837924EC69FE002EE278 /* ErrorViewRemovable.swift */; };
		7E69837C24EC702B002EE278 /* ErrorView.swift in Sources */ = {isa = PBXBuildFile; fileRef = 7E69837B24EC702B002EE278 /* ErrorView.swift */; };
		7E708A3423BF635B003B5702 /* SleepDurationCreateScheduleViewController.swift in Sources */ = {isa = PBXBuildFile; fileRef = 7E708A3323BF635B003B5702 /* SleepDurationCreateScheduleViewController.swift */; };
		7E708A3923BFD09B003B5702 /* WentSleepCreateScheduleViewController.swift in Sources */ = {isa = PBXBuildFile; fileRef = 7E708A3823BFD09B003B5702 /* WentSleepCreateScheduleViewController.swift */; };
		7E708A3B23BFD0C7003B5702 /* ScheduleCreatedCreateScheduleViewController.swift in Sources */ = {isa = PBXBuildFile; fileRef = 7E708A3A23BFD0C7003B5702 /* ScheduleCreatedCreateScheduleViewController.swift */; };
		7E708A4023BFD92D003B5702 /* EditScheduleViewController.swift in Sources */ = {isa = PBXBuildFile; fileRef = 7E708A3F23BFD92D003B5702 /* EditScheduleViewController.swift */; };
		7E88A35123F8B20C00E792CA /* VerticalPositionMoveAnimation.swift in Sources */ = {isa = PBXBuildFile; fileRef = 7E88A35023F8B20C00E792CA /* VerticalPositionMoveAnimation.swift */; };
		7E8AB6CE23A18D27009CE41A /* WakeUpTimeCreateScheduleViewController.swift in Sources */ = {isa = PBXBuildFile; fileRef = 7E8AB6CD23A18D27009CE41A /* WakeUpTimeCreateScheduleViewController.swift */; };
		7E8C6B982350FB9C0086162F /* TableView.swift in Sources */ = {isa = PBXBuildFile; fileRef = 7E8C6B972350FB9C0086162F /* TableView.swift */; };
		7E8EFA3226EABC2F00DEE564 /* Sleep.storyboard in Resources */ = {isa = PBXBuildFile; fileRef = 7E8EFA3026EABC2F00DEE564 /* Sleep.storyboard */; };
		7E8EFA3C26EABC3900DEE564 /* CreateSchedule.storyboard in Resources */ = {isa = PBXBuildFile; fileRef = 7E8EFA3526EABC3800DEE564 /* CreateSchedule.storyboard */; };
		7E97226425B8C90500DBEF5E /* Style.swift in Sources */ = {isa = PBXBuildFile; fileRef = 7E97226325B8C90500DBEF5E /* Style.swift */; };
		7E989FE125F5B0DF001954CD /* CollectionPageScrollDelegate.swift in Sources */ = {isa = PBXBuildFile; fileRef = 7E989FE025F5B0DF001954CD /* CollectionPageScrollDelegate.swift */; };
		7E9AC0D62871E95B00E0153E /* Settings.swift in Sources */ = {isa = PBXBuildFile; fileRef = 7E9AC0D52871E95B00E0153E /* Settings.swift */; };
		7E9AC0D82871F54E00E0153E /* EditSchedule.swift in Sources */ = {isa = PBXBuildFile; fileRef = 7E9AC0D72871F54E00E0153E /* EditSchedule.swift */; };
		7E9AC0DC28720C7F00E0153E /* KeepAppOpenedSuggestion.swift in Sources */ = {isa = PBXBuildFile; fileRef = 7E9AC0DB28720C7F00E0153E /* KeepAppOpenedSuggestion.swift */; };
		7E9D9C0424E58F39000772C0 /* SleepView.swift in Sources */ = {isa = PBXBuildFile; fileRef = 7E9D9C0324E58F38000772C0 /* SleepView.swift */; };
		7E9D9C0824E596DA000772C0 /* PrepareToSleepView.swift in Sources */ = {isa = PBXBuildFile; fileRef = 7E9D9C0724E596DA000772C0 /* PrepareToSleepView.swift */; };
		7E9D9C0F24E5BADC000772C0 /* FloatingButton.swift in Sources */ = {isa = PBXBuildFile; fileRef = 7E9D9C0E24E5BADC000772C0 /* FloatingButton.swift */; };
		7E9D9C1124E5BEFA000772C0 /* CreateScheduleView.swift in Sources */ = {isa = PBXBuildFile; fileRef = 7E9D9C1024E5BEFA000772C0 /* CreateScheduleView.swift */; };
		7E9D9C1324E5DA57000772C0 /* SchedulePageView.swift in Sources */ = {isa = PBXBuildFile; fileRef = 7E9D9C1224E5DA57000772C0 /* SchedulePageView.swift */; };
		7E9D9C1524EB0E13000772C0 /* EditScheduleView.swift in Sources */ = {isa = PBXBuildFile; fileRef = 7E9D9C1424EB0E13000772C0 /* EditScheduleView.swift */; };
		7EA0924222C8CF820019F2E9 /* ScrollTransition.swift in Sources */ = {isa = PBXBuildFile; fileRef = 7EA0924122C8CF820019F2E9 /* ScrollTransition.swift */; };
		7EA7BA0A2354F1810051A92D /* DaysCollectionView.swift in Sources */ = {isa = PBXBuildFile; fileRef = 7EA7BA092354F1810051A92D /* DaysCollectionView.swift */; };
		7EA7BA0C2354F2510051A92D /* CollectionView.swift in Sources */ = {isa = PBXBuildFile; fileRef = 7EA7BA0B2354F2510051A92D /* CollectionView.swift */; };
		7EAD159F25F50DF700392E6A /* DaysViewController.swift in Sources */ = {isa = PBXBuildFile; fileRef = 7EAD159E25F50DF700392E6A /* DaysViewController.swift */; };
		7EB196DA23A01B8F00E6C40B /* CreateScheduleViewController.swift in Sources */ = {isa = PBXBuildFile; fileRef = 7EB196D923A01B8F00E6C40B /* CreateScheduleViewController.swift */; };
		7EB1C0332340F9550028237E /* SchedulePageViewController.swift in Sources */ = {isa = PBXBuildFile; fileRef = 7EE939162340F68800FE9954 /* SchedulePageViewController.swift */; };
		7EB26951234F9972008AEB3D /* NibLoadable.swift in Sources */ = {isa = PBXBuildFile; fileRef = 7EB26950234F9972008AEB3D /* NibLoadable.swift */; };
		7EB26953234F99AE008AEB3D /* Button.swift in Sources */ = {isa = PBXBuildFile; fileRef = 7EB26952234F99AE008AEB3D /* Button.swift */; };
		7EB29E0D241987DD00116433 /* PrepareToSleepViewController.swift in Sources */ = {isa = PBXBuildFile; fileRef = 7EB29E0C241987DD00116433 /* PrepareToSleepViewController.swift */; };
		7EB73418274EBC2800DC7758 /* AfterSleepViewController.swift in Sources */ = {isa = PBXBuildFile; fileRef = 7EB73415274EBC2800DC7758 /* AfterSleepViewController.swift */; };
		7EB73419274EBC2800DC7758 /* AfterSleepView.swift in Sources */ = {isa = PBXBuildFile; fileRef = 7EB73416274EBC2800DC7758 /* AfterSleepView.swift */; };
		7EB9003E23256AC9006EB9A8 /* DesignableContainerView.swift in Sources */ = {isa = PBXBuildFile; fileRef = 7EB9003D23256AC9006EB9A8 /* DesignableContainerView.swift */; };
		7EB9004023256BF3006EB9A8 /* DaysView.swift in Sources */ = {isa = PBXBuildFile; fileRef = 7EB9003F23256BF3006EB9A8 /* DaysView.swift */; };
		7EB90047232AB9EB006EB9A8 /* ProgressBar.swift in Sources */ = {isa = PBXBuildFile; fileRef = 7EB90046232AB9EB006EB9A8 /* ProgressBar.swift */; };
		7EB9F35023C35CA9002A6DD3 /* SchedulePage.swift in Sources */ = {isa = PBXBuildFile; fileRef = 7EB9F34F23C35CA9002A6DD3 /* SchedulePage.swift */; };
		7EB9F35423C36B54002A6DD3 /* CreateScheduleAssembler.swift in Sources */ = {isa = PBXBuildFile; fileRef = 7EB9F35323C36B54002A6DD3 /* CreateScheduleAssembler.swift */; };
		7ECA517E25E340BD009362F9 /* ContextPreview.swift in Sources */ = {isa = PBXBuildFile; fileRef = 7ECA517D25E340BD009362F9 /* ContextPreview.swift */; };
		7ECD2C722419168600408C4B /* EditScheduleButtonTableCell.swift in Sources */ = {isa = PBXBuildFile; fileRef = 7ECD2C702419168600408C4B /* EditScheduleButtonTableCell.swift */; };
		7ECD2C78241916C600408C4B /* EditScheduleButtonTableCell+Model.swift in Sources */ = {isa = PBXBuildFile; fileRef = 7ECD2C77241916C600408C4B /* EditScheduleButtonTableCell+Model.swift */; };
		7ED6DD3125E1B50800F906CE /* ImageLabelView.xib in Resources */ = {isa = PBXBuildFile; fileRef = 7ED6DD3025E1B50800F906CE /* ImageLabelView.xib */; };
		7ED6DD3625E2A30700F906CE /* ImageLabelViewWithContextMenu.swift in Sources */ = {isa = PBXBuildFile; fileRef = 7ED6DD3525E2A30700F906CE /* ImageLabelViewWithContextMenu.swift */; };
		7ED6DD3F25E33E3D00F906CE /* Statefull.swift in Sources */ = {isa = PBXBuildFile; fileRef = 7ED6DD3E25E33E3D00F906CE /* Statefull.swift */; };
		7EE3EB94274D7D390000CFDE /* KeepAppOpenedSuggestionView.swift in Sources */ = {isa = PBXBuildFile; fileRef = 7EE3EB91274D7D390000CFDE /* KeepAppOpenedSuggestionView.swift */; };
		7EE3EB95274D7D390000CFDE /* KeepAppOpenedSuggestionViewController.swift in Sources */ = {isa = PBXBuildFile; fileRef = 7EE3EB92274D7D390000CFDE /* KeepAppOpenedSuggestionViewController.swift */; };
		7EE6905C243E64C600CA423E /* LongPressProgressButton.xib in Resources */ = {isa = PBXBuildFile; fileRef = 7EE6905B243E64C600CA423E /* LongPressProgressButton.xib */; };
		7EE6905E243E658B00CA423E /* LongPressProgressButton.swift in Sources */ = {isa = PBXBuildFile; fileRef = 7EE6905D243E658B00CA423E /* LongPressProgressButton.swift */; };
		7EE87CEF2442254A00E1BD3B /* AutoRefreshableLabel.swift in Sources */ = {isa = PBXBuildFile; fileRef = 7EE87CEE2442254A00E1BD3B /* AutoRefreshableLabel.swift */; };
		7EEA217923B6A3B400354BEA /* UIViewController+present.swift in Sources */ = {isa = PBXBuildFile; fileRef = 7EEA217823B6A3B400354BEA /* UIViewController+present.swift */; };
		7EEB1E0D24424010001ABE4A /* AudioPlayer.swift in Sources */ = {isa = PBXBuildFile; fileRef = 7EEB1E0C24424010001ABE4A /* AudioPlayer.swift */; };
		7EEB1E0F2443369F001ABE4A /* bellAlarm.wav in Resources */ = {isa = PBXBuildFile; fileRef = 7EEB1E0E2443369F001ABE4A /* bellAlarm.wav */; };
		7EEB1E122443370F001ABE4A /* AlarmSounds.swift in Sources */ = {isa = PBXBuildFile; fileRef = 7EEB1E112443370F001ABE4A /* AlarmSounds.swift */; };
		7EEFC01725E1AFD8007AE725 /* ImageLabelView.swift in Sources */ = {isa = PBXBuildFile; fileRef = 7EEFC01625E1AFD8007AE725 /* ImageLabelView.swift */; };
		7EF4C195240412D80098135A /* EditScheduleDatePickerTableCell.swift in Sources */ = {isa = PBXBuildFile; fileRef = 7EF4C193240412D80098135A /* EditScheduleDatePickerTableCell.swift */; };
		7EF4C198240412EC0098135A /* EditScheduleDatePickerTableCell+Model.swift in Sources */ = {isa = PBXBuildFile; fileRef = 7EF4C197240412EC0098135A /* EditScheduleDatePickerTableCell+Model.swift */; };
		7EF4C19D240436CD0098135A /* EditScheduleSliderTableCell.swift in Sources */ = {isa = PBXBuildFile; fileRef = 7EF4C19B240436CD0098135A /* EditScheduleSliderTableCell.swift */; };
		7EF4C1A0240436D70098135A /* EditScheduleSliderTableCell+Model.swift in Sources */ = {isa = PBXBuildFile; fileRef = 7EF4C19F240436D70098135A /* EditScheduleSliderTableCell+Model.swift */; };
		7EFAEF6726F5785300C51A13 /* DaysCollectionCell+Model.swift in Sources */ = {isa = PBXBuildFile; fileRef = 7EFAEF6626F5785300C51A13 /* DaysCollectionCell+Model.swift */; };
		7EFAEF6926F5938200C51A13 /* DaysCollectionCell+SideItemVStack.swift in Sources */ = {isa = PBXBuildFile; fileRef = 7EFAEF6826F5938200C51A13 /* DaysCollectionCell+SideItemVStack.swift */; };
		92695F1828831EB100D382C2 /* Core in Resources */ = {isa = PBXBuildFile; fileRef = 92695F1728831EB100D382C2 /* Core */; };
		92695F1A28831EB800D382C2 /* Core in Frameworks */ = {isa = PBXBuildFile; productRef = 92695F1928831EB800D382C2 /* Core */; };
		92695F1D2883267C00D382C2 /* DataLayer in Frameworks */ = {isa = PBXBuildFile; productRef = 92695F1C2883267C00D382C2 /* DataLayer */; };
		92D12FDD22A44B3B0093B0A3 /* TabBarController.swift in Sources */ = {isa = PBXBuildFile; fileRef = 92D12FDC22A44B3B0093B0A3 /* TabBarController.swift */; };
		92D1FD7F28833A3E008B8EC0 /* DomainLayer in Frameworks */ = {isa = PBXBuildFile; productRef = 92D1FD7E28833A3E008B8EC0 /* DomainLayer */; };
		92D7D6532296F297009321AE /* AppDelegate.swift in Sources */ = {isa = PBXBuildFile; fileRef = 92D7D6522296F297009321AE /* AppDelegate.swift */; };
		92D7D6552296F297009321AE /* SleepViewController.swift in Sources */ = {isa = PBXBuildFile; fileRef = 92D7D6542296F297009321AE /* SleepViewController.swift */; };
		92D7D65A2296F298009321AE /* Assets.xcassets in Resources */ = {isa = PBXBuildFile; fileRef = 92D7D6592296F298009321AE /* Assets.xcassets */; };
		92D7D65D2296F298009321AE /* LaunchScreen.storyboard in Resources */ = {isa = PBXBuildFile; fileRef = 92D7D65B2296F298009321AE /* LaunchScreen.storyboard */; };
		92E77AF822A5303400E5E21C /* SettingsViewController.swift in Sources */ = {isa = PBXBuildFile; fileRef = 92E77AF722A5303400E5E21C /* SettingsViewController.swift */; };
		92E77AFA22A5304400E5E21C /* TodayViewController.swift in Sources */ = {isa = PBXBuildFile; fileRef = 92E77AF922A5304400E5E21C /* TodayViewController.swift */; };
		92FE417A28833DE700F328DB /* Localization in Frameworks */ = {isa = PBXBuildFile; productRef = 92FE417928833DE700F328DB /* Localization */; };
		CE8BD5A12A55636300C15CD0 /* DefaultMelody.wav in Resources */ = {isa = PBXBuildFile; fileRef = CE8BD5A02A55636300C15CD0 /* DefaultMelody.wav */; };
		CEEEFB352A5DAC8C0060D6EA /* erokiaMelody.mp3 in Resources */ = {isa = PBXBuildFile; fileRef = CEEEFB312A5DAC8C0060D6EA /* erokiaMelody.mp3 */; };
		CEEEFB362A5DAC8C0060D6EA /* cockMelody.wav in Resources */ = {isa = PBXBuildFile; fileRef = CEEEFB322A5DAC8C0060D6EA /* cockMelody.wav */; };
		CEEEFB372A5DAC8C0060D6EA /* tiktakMelody.wav in Resources */ = {isa = PBXBuildFile; fileRef = CEEEFB332A5DAC8C0060D6EA /* tiktakMelody.wav */; };
		CEEEFB382A5DAC8C0060D6EA /* oldAlarmMelody.wav in Resources */ = {isa = PBXBuildFile; fileRef = CEEEFB342A5DAC8C0060D6EA /* oldAlarmMelody.wav */; };
/* End PBXBuildFile section */

/* Begin PBXFileReference section */
		12F895F72A6BFA32000389B7 /* PermissionView.swift */ = {isa = PBXFileReference; lastKnownFileType = sourcecode.swift; path = PermissionView.swift; sourceTree = "<group>"; };
		12F895F92A6BFC8A000389B7 /* PermissonViewController.swift */ = {isa = PBXFileReference; lastKnownFileType = sourcecode.swift; path = PermissonViewController.swift; sourceTree = "<group>"; };
		12FD5FB62A70FB21003A532E /* shum.wav */ = {isa = PBXFileReference; lastKnownFileType = audio.wav; path = shum.wav; sourceTree = "<group>"; };
		7E07A10023AFBEE300B9D61A /* WelcomeCreateScheduleViewController.swift */ = {isa = PBXFileReference; lastKnownFileType = sourcecode.swift; path = WelcomeCreateScheduleViewController.swift; sourceTree = "<group>"; };
		7E0B88F52455BEF400BC3CF5 /* SelectableStackViewButton.swift */ = {isa = PBXFileReference; fileEncoding = 4; lastKnownFileType = sourcecode.swift; path = SelectableStackViewButton.swift; sourceTree = "<group>"; };
		7E13C71E27617F73009310CD /* UITabBarItem+withSystemIcons.swift */ = {isa = PBXFileReference; lastKnownFileType = sourcecode.swift; path = "UITabBarItem+withSystemIcons.swift"; sourceTree = "<group>"; };
		7E153968274801F100CC2E7B /* EditScheduleSegmentedControlCell.swift */ = {isa = PBXFileReference; lastKnownFileType = sourcecode.swift; path = EditScheduleSegmentedControlCell.swift; sourceTree = "<group>"; };
		7E15396A2748028400CC2E7B /* UISegmentedControl+Styleable.swift */ = {isa = PBXFileReference; lastKnownFileType = sourcecode.swift; path = "UISegmentedControl+Styleable.swift"; sourceTree = "<group>"; };
		7E15396C2748043700CC2E7B /* EditScheduleSegmentedControlCell+Model.swift */ = {isa = PBXFileReference; lastKnownFileType = sourcecode.swift; path = "EditScheduleSegmentedControlCell+Model.swift"; sourceTree = "<group>"; };
		7E15396E2748156C00CC2E7B /* SelfHeightSizing.swift */ = {isa = PBXFileReference; lastKnownFileType = sourcecode.swift; path = SelfHeightSizing.swift; sourceTree = "<group>"; };
		7E15397227494C1F00CC2E7B /* AudioPlayerError.swift */ = {isa = PBXFileReference; lastKnownFileType = sourcecode.swift; path = AudioPlayerError.swift; sourceTree = "<group>"; };
		7E15397427494C3400CC2E7B /* Sound.swift */ = {isa = PBXFileReference; lastKnownFileType = sourcecode.swift; path = Sound.swift; sourceTree = "<group>"; };
		7E15397B2749674B00CC2E7B /* RefreshSunTimesView.swift */ = {isa = PBXFileReference; lastKnownFileType = sourcecode.swift; path = RefreshSunTimesView.swift; sourceTree = "<group>"; };
		7E15397D2749675300CC2E7B /* RefreshSunTimesViewController.swift */ = {isa = PBXFileReference; lastKnownFileType = sourcecode.swift; path = RefreshSunTimesViewController.swift; sourceTree = "<group>"; };
		7E15398B2749D70C00CC2E7B /* CloseableButton.swift */ = {isa = PBXFileReference; lastKnownFileType = sourcecode.swift; path = CloseableButton.swift; sourceTree = "<group>"; };
		7E15398D2749D71E00CC2E7B /* CloseButton.swift */ = {isa = PBXFileReference; lastKnownFileType = sourcecode.swift; path = CloseButton.swift; sourceTree = "<group>"; };
		7E18C6C627616B3300BD6471 /* UINavigationController+replaceAllOnTopOfRoot.swift */ = {isa = PBXFileReference; lastKnownFileType = sourcecode.swift; path = "UINavigationController+replaceAllOnTopOfRoot.swift"; sourceTree = "<group>"; };
		7E199CD1240BD41D00B702AD /* SliderWithValues.swift */ = {isa = PBXFileReference; lastKnownFileType = sourcecode.swift; path = SliderWithValues.swift; sourceTree = "<group>"; };
		7E199CD3240BD43400B702AD /* SliderWithValues.xib */ = {isa = PBXFileReference; lastKnownFileType = file.xib; path = SliderWithValues.xib; sourceTree = "<group>"; };
		7E252A8726EBBE6600DEB6F0 /* OnboardingViewController.swift */ = {isa = PBXFileReference; lastKnownFileType = sourcecode.swift; path = OnboardingViewController.swift; sourceTree = "<group>"; };
		7E252A8926EBBE9600DEB6F0 /* OnboardingView.swift */ = {isa = PBXFileReference; lastKnownFileType = sourcecode.swift; path = OnboardingView.swift; sourceTree = "<group>"; };
		7E25756623F8749A007AE4B5 /* Animation.swift */ = {isa = PBXFileReference; lastKnownFileType = sourcecode.swift; path = Animation.swift; sourceTree = "<group>"; };
		7E2CA80F24032A0F000CEFA5 /* TableCellConfigurator.swift */ = {isa = PBXFileReference; lastKnownFileType = sourcecode.swift; path = TableCellConfigurator.swift; sourceTree = "<group>"; };
		7E2E0A682744471B00A51344 /* IntensityCreateScheduleViewController.swift */ = {isa = PBXFileReference; lastKnownFileType = sourcecode.swift; path = IntensityCreateScheduleViewController.swift; sourceTree = "<group>"; };
		7E31497C23425CA600941606 /* TableViewDataSource.swift */ = {isa = PBXFileReference; lastKnownFileType = sourcecode.swift; path = TableViewDataSource.swift; sourceTree = "<group>"; };
		7E31497E23425D3700941606 /* EditScheduleTableView.swift */ = {isa = PBXFileReference; lastKnownFileType = sourcecode.swift; path = EditScheduleTableView.swift; sourceTree = "<group>"; };
		7E326312275EBCFB0045CEA0 /* CrossDissolveTransition.swift */ = {isa = PBXFileReference; lastKnownFileType = sourcecode.swift; path = CrossDissolveTransition.swift; sourceTree = "<group>"; };
		7E326314275EBD1E0045CEA0 /* NavigationController.swift */ = {isa = PBXFileReference; lastKnownFileType = sourcecode.swift; path = NavigationController.swift; sourceTree = "<group>"; };
		7E346CE2274A5BFE00848DBB /* AdjustScheduleView.swift */ = {isa = PBXFileReference; fileEncoding = 4; lastKnownFileType = sourcecode.swift; path = AdjustScheduleView.swift; sourceTree = "<group>"; };
		7E346CE4274A5BFE00848DBB /* AdjustScheduleViewController.swift */ = {isa = PBXFileReference; fileEncoding = 4; lastKnownFileType = sourcecode.swift; path = AdjustScheduleViewController.swift; sourceTree = "<group>"; };
		7E346CE8274A5C5500848DBB /* ScreenTitleView.swift */ = {isa = PBXFileReference; lastKnownFileType = sourcecode.swift; path = ScreenTitleView.swift; sourceTree = "<group>"; };
		7E346CEA274A635F00848DBB /* View.swift */ = {isa = PBXFileReference; lastKnownFileType = sourcecode.swift; path = View.swift; sourceTree = "<group>"; };
		7E346CEC274A637B00848DBB /* BackgroundView.swift */ = {isa = PBXFileReference; lastKnownFileType = sourcecode.swift; path = BackgroundView.swift; sourceTree = "<group>"; };
		7E346CEE274A64E700848DBB /* UIViewController+addBackground.swift */ = {isa = PBXFileReference; lastKnownFileType = sourcecode.swift; path = "UIViewController+addBackground.swift"; sourceTree = "<group>"; };
		7E346CF0274AC8F700848DBB /* UIViewController+addScreenTitleView.swift */ = {isa = PBXFileReference; lastKnownFileType = sourcecode.swift; path = "UIViewController+addScreenTitleView.swift"; sourceTree = "<group>"; };
		7E3543FE283A5C1200C1E149 /* Today.swift */ = {isa = PBXFileReference; lastKnownFileType = sourcecode.swift; path = Today.swift; sourceTree = "<group>"; };
		7E354402283AA21F00C1E149 /* Days.swift */ = {isa = PBXFileReference; lastKnownFileType = sourcecode.swift; path = Days.swift; sourceTree = "<group>"; };
		7E378661261679460098A204 /* CALayer+Styleable.swift */ = {isa = PBXFileReference; lastKnownFileType = sourcecode.swift; path = "CALayer+Styleable.swift"; sourceTree = "<group>"; };
		7E388E37243A3C16001A28DF /* PropertyAnimatable.swift */ = {isa = PBXFileReference; lastKnownFileType = sourcecode.swift; path = PropertyAnimatable.swift; sourceTree = "<group>"; };
		7E43063626EBC93300B67315 /* XCAssets+Generated.swift */ = {isa = PBXFileReference; fileEncoding = 4; lastKnownFileType = sourcecode.swift; path = "XCAssets+Generated.swift"; sourceTree = "<group>"; };
		7E43063826EBCEDD00B67315 /* UIView+addSubviews.swift */ = {isa = PBXFileReference; lastKnownFileType = sourcecode.swift; path = "UIView+addSubviews.swift"; sourceTree = "<group>"; };
		7E43063A26EBCEF600B67315 /* UIView+activateConstraints.swift */ = {isa = PBXFileReference; lastKnownFileType = sourcecode.swift; path = "UIView+activateConstraints.swift"; sourceTree = "<group>"; };
		7E43063C26ECC4E400B67315 /* ContentView.swift */ = {isa = PBXFileReference; lastKnownFileType = sourcecode.swift; path = ContentView.swift; sourceTree = "<group>"; };
		7E43064A26ED4FF600B67315 /* SettingsView.swift */ = {isa = PBXFileReference; lastKnownFileType = sourcecode.swift; path = SettingsView.swift; sourceTree = "<group>"; };
		7E43064D26ED514C00B67315 /* SettingItemView.swift */ = {isa = PBXFileReference; lastKnownFileType = sourcecode.swift; path = SettingItemView.swift; sourceTree = "<group>"; };
		7E43064F26ED528700B67315 /* UIStackView+addSeparators.swift */ = {isa = PBXFileReference; lastKnownFileType = sourcecode.swift; path = "UIStackView+addSeparators.swift"; sourceTree = "<group>"; };
		7E43065626EE4F2000B67315 /* AboutView.swift */ = {isa = PBXFileReference; lastKnownFileType = sourcecode.swift; path = AboutView.swift; sourceTree = "<group>"; };
		7E43065826EE4F3200B67315 /* AboutViewController.swift */ = {isa = PBXFileReference; lastKnownFileType = sourcecode.swift; path = AboutViewController.swift; sourceTree = "<group>"; };
		7E43065C26EE617500B67315 /* UIStackView+addArrangedSubviews.swift */ = {isa = PBXFileReference; lastKnownFileType = sourcecode.swift; path = "UIStackView+addArrangedSubviews.swift"; sourceTree = "<group>"; };
		7E43065E26EE63DB00B67315 /* AboutItemView.swift */ = {isa = PBXFileReference; lastKnownFileType = sourcecode.swift; path = AboutItemView.swift; sourceTree = "<group>"; };
		7E43066126EE974D00B67315 /* AboutIdentifier.swift */ = {isa = PBXFileReference; lastKnownFileType = sourcecode.swift; path = AboutIdentifier.swift; sourceTree = "<group>"; };
		7E4798F4239D894B007FB8F2 /* Storyboard.swift */ = {isa = PBXFileReference; lastKnownFileType = sourcecode.swift; path = Storyboard.swift; sourceTree = "<group>"; };
		7E48D2B3274C22C900B14355 /* UIScreen+isSmallSize.swift */ = {isa = PBXFileReference; lastKnownFileType = sourcecode.swift; path = "UIScreen+isSmallSize.swift"; sourceTree = "<group>"; };
		7E514DB225A87F5E000EBE81 /* AlarmingViewController.swift */ = {isa = PBXFileReference; lastKnownFileType = sourcecode.swift; path = AlarmingViewController.swift; sourceTree = "<group>"; };
		7E514DB725A87F67000EBE81 /* AlarmingView.swift */ = {isa = PBXFileReference; lastKnownFileType = sourcecode.swift; path = AlarmingView.swift; sourceTree = "<group>"; };
		7E541AF223FB259400BAD710 /* DaysCollectionCell.swift */ = {isa = PBXFileReference; lastKnownFileType = sourcecode.swift; path = DaysCollectionCell.swift; sourceTree = "<group>"; };
		7E541AF623FB384F00BAD710 /* ConfigurableCell.swift */ = {isa = PBXFileReference; lastKnownFileType = sourcecode.swift; path = ConfigurableCell.swift; sourceTree = "<group>"; };
		7E541AF823FB386B00BAD710 /* CellConfigurator.swift */ = {isa = PBXFileReference; lastKnownFileType = sourcecode.swift; path = CellConfigurator.swift; sourceTree = "<group>"; };
		7E5A1E9E282FA868005F19D6 /* Onboarding.swift */ = {isa = PBXFileReference; lastKnownFileType = sourcecode.swift; path = Onboarding.swift; sourceTree = "<group>"; };
		7E5A1EAE282FE1CE005F19D6 /* Coordinator.swift */ = {isa = PBXFileReference; lastKnownFileType = sourcecode.swift; path = Coordinator.swift; sourceTree = "<group>"; };
		7E5E334F261A17FF000EE976 /* UIDatePicker+Styleable.swift */ = {isa = PBXFileReference; lastKnownFileType = sourcecode.swift; path = "UIDatePicker+Styleable.swift"; sourceTree = "<group>"; };
		7E5E3354261A3496000EE976 /* UIView+invertAlpha.swift */ = {isa = PBXFileReference; lastKnownFileType = sourcecode.swift; path = "UIView+invertAlpha.swift"; sourceTree = "<group>"; };
		7E5E3359261A34B4000EE976 /* UIView+applyBlur.swift */ = {isa = PBXFileReference; lastKnownFileType = sourcecode.swift; path = "UIView+applyBlur.swift"; sourceTree = "<group>"; };
		7E5F292923F9638C0050DFD3 /* FloatingLabel.swift */ = {isa = PBXFileReference; lastKnownFileType = sourcecode.swift; path = FloatingLabel.swift; sourceTree = "<group>"; };
		7E6225A926192DF9001AA8FD /* Styleable.swift */ = {isa = PBXFileReference; lastKnownFileType = sourcecode.swift; path = Styleable.swift; sourceTree = "<group>"; };
		7E6225B226192E24001AA8FD /* UILabel+Styleable.swift */ = {isa = PBXFileReference; lastKnownFileType = sourcecode.swift; path = "UILabel+Styleable.swift"; sourceTree = "<group>"; };
		7E6225B726192E3F001AA8FD /* UIButton+Styleable.swift */ = {isa = PBXFileReference; lastKnownFileType = sourcecode.swift; path = "UIButton+Styleable.swift"; sourceTree = "<group>"; };
		7E6225BF26192E6E001AA8FD /* UITabBarItemAppearance+Styleable.swift */ = {isa = PBXFileReference; lastKnownFileType = sourcecode.swift; path = "UITabBarItemAppearance+Styleable.swift"; sourceTree = "<group>"; };
		7E6225D12619CD75001AA8FD /* HorizontalFadeView.swift */ = {isa = PBXFileReference; lastKnownFileType = sourcecode.swift; path = HorizontalFadeView.swift; sourceTree = "<group>"; };
		7E6225D62619CD9F001AA8FD /* Gradientable.swift */ = {isa = PBXFileReference; lastKnownFileType = sourcecode.swift; path = Gradientable.swift; sourceTree = "<group>"; };
		7E6225DE2619CDE7001AA8FD /* CAGradientLayer+Gradientable.swift */ = {isa = PBXFileReference; lastKnownFileType = sourcecode.swift; path = "CAGradientLayer+Gradientable.swift"; sourceTree = "<group>"; };
		7E6268BF24D5D49C00F70BC3 /* TodayView.swift */ = {isa = PBXFileReference; lastKnownFileType = sourcecode.swift; path = TodayView.swift; sourceTree = "<group>"; };
		7E69836F24EC69A5002EE278 /* AlertCreatable.swift */ = {isa = PBXFileReference; lastKnownFileType = sourcecode.swift; path = AlertCreatable.swift; sourceTree = "<group>"; };
		7E69837124EC69B8002EE278 /* AlertPresentable.swift */ = {isa = PBXFileReference; lastKnownFileType = sourcecode.swift; path = AlertPresentable.swift; sourceTree = "<group>"; };
		7E69837524EC69DE002EE278 /* ErrorViewAddable.swift */ = {isa = PBXFileReference; lastKnownFileType = sourcecode.swift; path = ErrorViewAddable.swift; sourceTree = "<group>"; };
		7E69837724EC69EE002EE278 /* ErrorViewCreatable.swift */ = {isa = PBXFileReference; lastKnownFileType = sourcecode.swift; path = ErrorViewCreatable.swift; sourceTree = "<group>"; };
		7E69837924EC69FE002EE278 /* ErrorViewRemovable.swift */ = {isa = PBXFileReference; lastKnownFileType = sourcecode.swift; path = ErrorViewRemovable.swift; sourceTree = "<group>"; };
		7E69837B24EC702B002EE278 /* ErrorView.swift */ = {isa = PBXFileReference; lastKnownFileType = sourcecode.swift; path = ErrorView.swift; sourceTree = "<group>"; };
		7E708A3323BF635B003B5702 /* SleepDurationCreateScheduleViewController.swift */ = {isa = PBXFileReference; lastKnownFileType = sourcecode.swift; path = SleepDurationCreateScheduleViewController.swift; sourceTree = "<group>"; };
		7E708A3823BFD09B003B5702 /* WentSleepCreateScheduleViewController.swift */ = {isa = PBXFileReference; lastKnownFileType = sourcecode.swift; path = WentSleepCreateScheduleViewController.swift; sourceTree = "<group>"; };
		7E708A3A23BFD0C7003B5702 /* ScheduleCreatedCreateScheduleViewController.swift */ = {isa = PBXFileReference; lastKnownFileType = sourcecode.swift; path = ScheduleCreatedCreateScheduleViewController.swift; sourceTree = "<group>"; };
		7E708A3F23BFD92D003B5702 /* EditScheduleViewController.swift */ = {isa = PBXFileReference; lastKnownFileType = sourcecode.swift; path = EditScheduleViewController.swift; sourceTree = "<group>"; };
		7E88A35023F8B20C00E792CA /* VerticalPositionMoveAnimation.swift */ = {isa = PBXFileReference; lastKnownFileType = sourcecode.swift; path = VerticalPositionMoveAnimation.swift; sourceTree = "<group>"; };
		7E8AB6CD23A18D27009CE41A /* WakeUpTimeCreateScheduleViewController.swift */ = {isa = PBXFileReference; lastKnownFileType = sourcecode.swift; path = WakeUpTimeCreateScheduleViewController.swift; sourceTree = "<group>"; };
		7E8C6B972350FB9C0086162F /* TableView.swift */ = {isa = PBXFileReference; lastKnownFileType = sourcecode.swift; path = TableView.swift; sourceTree = "<group>"; };
		7E8EFA2B26EABBB700DEE564 /* Base */ = {isa = PBXFileReference; lastKnownFileType = file.storyboard; name = Base; path = Base.lproj/LaunchScreen.storyboard; sourceTree = "<group>"; };
		7E8EFA3126EABC2F00DEE564 /* Base */ = {isa = PBXFileReference; lastKnownFileType = file.storyboard; name = Base; path = Base.lproj/Sleep.storyboard; sourceTree = "<group>"; };
		7E8EFA3626EABC3800DEE564 /* Base */ = {isa = PBXFileReference; lastKnownFileType = file.storyboard; name = Base; path = Base.lproj/CreateSchedule.storyboard; sourceTree = "<group>"; };
		7E97226325B8C90500DBEF5E /* Style.swift */ = {isa = PBXFileReference; lastKnownFileType = sourcecode.swift; path = Style.swift; sourceTree = "<group>"; };
		7E989FE025F5B0DF001954CD /* CollectionPageScrollDelegate.swift */ = {isa = PBXFileReference; lastKnownFileType = sourcecode.swift; path = CollectionPageScrollDelegate.swift; sourceTree = "<group>"; };
		7E9AC0D52871E95B00E0153E /* Settings.swift */ = {isa = PBXFileReference; lastKnownFileType = sourcecode.swift; path = Settings.swift; sourceTree = "<group>"; };
		7E9AC0D72871F54E00E0153E /* EditSchedule.swift */ = {isa = PBXFileReference; lastKnownFileType = sourcecode.swift; path = EditSchedule.swift; sourceTree = "<group>"; };
		7E9AC0DB28720C7F00E0153E /* KeepAppOpenedSuggestion.swift */ = {isa = PBXFileReference; lastKnownFileType = sourcecode.swift; path = KeepAppOpenedSuggestion.swift; sourceTree = "<group>"; };
		7E9D9C0324E58F38000772C0 /* SleepView.swift */ = {isa = PBXFileReference; lastKnownFileType = sourcecode.swift; path = SleepView.swift; sourceTree = "<group>"; };
		7E9D9C0724E596DA000772C0 /* PrepareToSleepView.swift */ = {isa = PBXFileReference; lastKnownFileType = sourcecode.swift; path = PrepareToSleepView.swift; sourceTree = "<group>"; };
		7E9D9C0E24E5BADC000772C0 /* FloatingButton.swift */ = {isa = PBXFileReference; lastKnownFileType = sourcecode.swift; path = FloatingButton.swift; sourceTree = "<group>"; };
		7E9D9C1024E5BEFA000772C0 /* CreateScheduleView.swift */ = {isa = PBXFileReference; lastKnownFileType = sourcecode.swift; path = CreateScheduleView.swift; sourceTree = "<group>"; };
		7E9D9C1224E5DA57000772C0 /* SchedulePageView.swift */ = {isa = PBXFileReference; lastKnownFileType = sourcecode.swift; path = SchedulePageView.swift; sourceTree = "<group>"; };
		7E9D9C1424EB0E13000772C0 /* EditScheduleView.swift */ = {isa = PBXFileReference; lastKnownFileType = sourcecode.swift; path = EditScheduleView.swift; sourceTree = "<group>"; };
		7EA0924122C8CF820019F2E9 /* ScrollTransition.swift */ = {isa = PBXFileReference; lastKnownFileType = sourcecode.swift; path = ScrollTransition.swift; sourceTree = "<group>"; };
		7EA7BA092354F1810051A92D /* DaysCollectionView.swift */ = {isa = PBXFileReference; lastKnownFileType = sourcecode.swift; path = DaysCollectionView.swift; sourceTree = "<group>"; };
		7EA7BA0B2354F2510051A92D /* CollectionView.swift */ = {isa = PBXFileReference; lastKnownFileType = sourcecode.swift; path = CollectionView.swift; sourceTree = "<group>"; };
		7EAD159E25F50DF700392E6A /* DaysViewController.swift */ = {isa = PBXFileReference; lastKnownFileType = sourcecode.swift; path = DaysViewController.swift; sourceTree = "<group>"; };
		7EB196D923A01B8F00E6C40B /* CreateScheduleViewController.swift */ = {isa = PBXFileReference; lastKnownFileType = sourcecode.swift; path = CreateScheduleViewController.swift; sourceTree = "<group>"; };
		7EB26950234F9972008AEB3D /* NibLoadable.swift */ = {isa = PBXFileReference; lastKnownFileType = sourcecode.swift; path = NibLoadable.swift; sourceTree = "<group>"; };
		7EB26952234F99AE008AEB3D /* Button.swift */ = {isa = PBXFileReference; lastKnownFileType = sourcecode.swift; path = Button.swift; sourceTree = "<group>"; };
		7EB29E0C241987DD00116433 /* PrepareToSleepViewController.swift */ = {isa = PBXFileReference; lastKnownFileType = sourcecode.swift; path = PrepareToSleepViewController.swift; sourceTree = "<group>"; };
		7EB73415274EBC2800DC7758 /* AfterSleepViewController.swift */ = {isa = PBXFileReference; fileEncoding = 4; lastKnownFileType = sourcecode.swift; path = AfterSleepViewController.swift; sourceTree = "<group>"; };
		7EB73416274EBC2800DC7758 /* AfterSleepView.swift */ = {isa = PBXFileReference; fileEncoding = 4; lastKnownFileType = sourcecode.swift; path = AfterSleepView.swift; sourceTree = "<group>"; };
		7EB9003D23256AC9006EB9A8 /* DesignableContainerView.swift */ = {isa = PBXFileReference; lastKnownFileType = sourcecode.swift; path = DesignableContainerView.swift; sourceTree = "<group>"; };
		7EB9003F23256BF3006EB9A8 /* DaysView.swift */ = {isa = PBXFileReference; lastKnownFileType = sourcecode.swift; path = DaysView.swift; sourceTree = "<group>"; };
		7EB90046232AB9EB006EB9A8 /* ProgressBar.swift */ = {isa = PBXFileReference; lastKnownFileType = sourcecode.swift; path = ProgressBar.swift; sourceTree = "<group>"; };
		7EB9F34F23C35CA9002A6DD3 /* SchedulePage.swift */ = {isa = PBXFileReference; lastKnownFileType = sourcecode.swift; path = SchedulePage.swift; sourceTree = "<group>"; };
		7EB9F35323C36B54002A6DD3 /* CreateScheduleAssembler.swift */ = {isa = PBXFileReference; lastKnownFileType = sourcecode.swift; path = CreateScheduleAssembler.swift; sourceTree = "<group>"; };
		7ECA517D25E340BD009362F9 /* ContextPreview.swift */ = {isa = PBXFileReference; lastKnownFileType = sourcecode.swift; path = ContextPreview.swift; sourceTree = "<group>"; };
		7ECD2C702419168600408C4B /* EditScheduleButtonTableCell.swift */ = {isa = PBXFileReference; lastKnownFileType = sourcecode.swift; path = EditScheduleButtonTableCell.swift; sourceTree = "<group>"; };
		7ECD2C77241916C600408C4B /* EditScheduleButtonTableCell+Model.swift */ = {isa = PBXFileReference; lastKnownFileType = sourcecode.swift; path = "EditScheduleButtonTableCell+Model.swift"; sourceTree = "<group>"; };
		7ED6DD3025E1B50800F906CE /* ImageLabelView.xib */ = {isa = PBXFileReference; lastKnownFileType = file.xib; path = ImageLabelView.xib; sourceTree = "<group>"; };
		7ED6DD3525E2A30700F906CE /* ImageLabelViewWithContextMenu.swift */ = {isa = PBXFileReference; lastKnownFileType = sourcecode.swift; path = ImageLabelViewWithContextMenu.swift; sourceTree = "<group>"; };
		7ED6DD3E25E33E3D00F906CE /* Statefull.swift */ = {isa = PBXFileReference; lastKnownFileType = sourcecode.swift; path = Statefull.swift; sourceTree = "<group>"; };
		7EE3EB91274D7D390000CFDE /* KeepAppOpenedSuggestionView.swift */ = {isa = PBXFileReference; fileEncoding = 4; lastKnownFileType = sourcecode.swift; path = KeepAppOpenedSuggestionView.swift; sourceTree = "<group>"; };
		7EE3EB92274D7D390000CFDE /* KeepAppOpenedSuggestionViewController.swift */ = {isa = PBXFileReference; fileEncoding = 4; lastKnownFileType = sourcecode.swift; path = KeepAppOpenedSuggestionViewController.swift; sourceTree = "<group>"; };
		7EE6905B243E64C600CA423E /* LongPressProgressButton.xib */ = {isa = PBXFileReference; lastKnownFileType = file.xib; path = LongPressProgressButton.xib; sourceTree = "<group>"; };
		7EE6905D243E658B00CA423E /* LongPressProgressButton.swift */ = {isa = PBXFileReference; lastKnownFileType = sourcecode.swift; path = LongPressProgressButton.swift; sourceTree = "<group>"; };
		7EE87CEE2442254A00E1BD3B /* AutoRefreshableLabel.swift */ = {isa = PBXFileReference; lastKnownFileType = sourcecode.swift; path = AutoRefreshableLabel.swift; sourceTree = "<group>"; };
		7EE939162340F68800FE9954 /* SchedulePageViewController.swift */ = {isa = PBXFileReference; fileEncoding = 4; lastKnownFileType = sourcecode.swift; path = SchedulePageViewController.swift; sourceTree = "<group>"; };
		7EEA217823B6A3B400354BEA /* UIViewController+present.swift */ = {isa = PBXFileReference; lastKnownFileType = sourcecode.swift; path = "UIViewController+present.swift"; sourceTree = "<group>"; };
		7EEB1E0C24424010001ABE4A /* AudioPlayer.swift */ = {isa = PBXFileReference; lastKnownFileType = sourcecode.swift; path = AudioPlayer.swift; sourceTree = "<group>"; };
		7EEB1E0E2443369F001ABE4A /* bellAlarm.wav */ = {isa = PBXFileReference; lastKnownFileType = audio.wav; path = bellAlarm.wav; sourceTree = "<group>"; };
		7EEB1E112443370F001ABE4A /* AlarmSounds.swift */ = {isa = PBXFileReference; lastKnownFileType = sourcecode.swift; path = AlarmSounds.swift; sourceTree = "<group>"; };
		7EEFC01625E1AFD8007AE725 /* ImageLabelView.swift */ = {isa = PBXFileReference; lastKnownFileType = sourcecode.swift; path = ImageLabelView.swift; sourceTree = "<group>"; };
		7EF4C193240412D80098135A /* EditScheduleDatePickerTableCell.swift */ = {isa = PBXFileReference; lastKnownFileType = sourcecode.swift; path = EditScheduleDatePickerTableCell.swift; sourceTree = "<group>"; };
		7EF4C197240412EC0098135A /* EditScheduleDatePickerTableCell+Model.swift */ = {isa = PBXFileReference; lastKnownFileType = sourcecode.swift; path = "EditScheduleDatePickerTableCell+Model.swift"; sourceTree = "<group>"; };
		7EF4C19B240436CD0098135A /* EditScheduleSliderTableCell.swift */ = {isa = PBXFileReference; lastKnownFileType = sourcecode.swift; path = EditScheduleSliderTableCell.swift; sourceTree = "<group>"; };
		7EF4C19F240436D70098135A /* EditScheduleSliderTableCell+Model.swift */ = {isa = PBXFileReference; lastKnownFileType = sourcecode.swift; path = "EditScheduleSliderTableCell+Model.swift"; sourceTree = "<group>"; };
		7EFAEF6626F5785300C51A13 /* DaysCollectionCell+Model.swift */ = {isa = PBXFileReference; lastKnownFileType = sourcecode.swift; path = "DaysCollectionCell+Model.swift"; sourceTree = "<group>"; };
		7EFAEF6826F5938200C51A13 /* DaysCollectionCell+SideItemVStack.swift */ = {isa = PBXFileReference; lastKnownFileType = sourcecode.swift; path = "DaysCollectionCell+SideItemVStack.swift"; sourceTree = "<group>"; };
		920383272A659F6300CE6E3E /* Rise.entitlements */ = {isa = PBXFileReference; lastKnownFileType = text.plist.entitlements; path = Rise.entitlements; sourceTree = "<group>"; };
		92695F1728831EB100D382C2 /* Core */ = {isa = PBXFileReference; lastKnownFileType = wrapper; path = Core; sourceTree = "<group>"; };
		92695F1B28831EE400D382C2 /* DataLayer */ = {isa = PBXFileReference; lastKnownFileType = wrapper; path = DataLayer; sourceTree = "<group>"; };
		92D12FDC22A44B3B0093B0A3 /* TabBarController.swift */ = {isa = PBXFileReference; lastKnownFileType = sourcecode.swift; path = TabBarController.swift; sourceTree = "<group>"; };
		92D1FD7D288338A9008B8EC0 /* DomainLayer */ = {isa = PBXFileReference; lastKnownFileType = wrapper; path = DomainLayer; sourceTree = "<group>"; };
		92D1FD8028833C59008B8EC0 /* Localization */ = {isa = PBXFileReference; lastKnownFileType = wrapper; path = Localization; sourceTree = "<group>"; };
		92D7D64F2296F297009321AE /* Rise.app */ = {isa = PBXFileReference; explicitFileType = wrapper.application; includeInIndex = 0; path = Rise.app; sourceTree = BUILT_PRODUCTS_DIR; };
		92D7D6522296F297009321AE /* AppDelegate.swift */ = {isa = PBXFileReference; lastKnownFileType = sourcecode.swift; path = AppDelegate.swift; sourceTree = "<group>"; };
		92D7D6542296F297009321AE /* SleepViewController.swift */ = {isa = PBXFileReference; lastKnownFileType = sourcecode.swift; path = SleepViewController.swift; sourceTree = "<group>"; };
		92D7D6592296F298009321AE /* Assets.xcassets */ = {isa = PBXFileReference; lastKnownFileType = folder.assetcatalog; path = Assets.xcassets; sourceTree = "<group>"; };
		92D7D65E2296F298009321AE /* Info.plist */ = {isa = PBXFileReference; lastKnownFileType = text.plist.xml; path = Info.plist; sourceTree = "<group>"; };
		92E77AF722A5303400E5E21C /* SettingsViewController.swift */ = {isa = PBXFileReference; lastKnownFileType = sourcecode.swift; path = SettingsViewController.swift; sourceTree = "<group>"; };
		92E77AF922A5304400E5E21C /* TodayViewController.swift */ = {isa = PBXFileReference; lastKnownFileType = sourcecode.swift; path = TodayViewController.swift; sourceTree = "<group>"; };
		CE8BD5A02A55636300C15CD0 /* DefaultMelody.wav */ = {isa = PBXFileReference; lastKnownFileType = audio.wav; path = DefaultMelody.wav; sourceTree = "<group>"; };
		CEEEFB312A5DAC8C0060D6EA /* erokiaMelody.mp3 */ = {isa = PBXFileReference; lastKnownFileType = audio.mp3; path = erokiaMelody.mp3; sourceTree = "<group>"; };
		CEEEFB322A5DAC8C0060D6EA /* cockMelody.wav */ = {isa = PBXFileReference; lastKnownFileType = audio.wav; path = cockMelody.wav; sourceTree = "<group>"; };
		CEEEFB332A5DAC8C0060D6EA /* tiktakMelody.wav */ = {isa = PBXFileReference; lastKnownFileType = audio.wav; path = tiktakMelody.wav; sourceTree = "<group>"; };
		CEEEFB342A5DAC8C0060D6EA /* oldAlarmMelody.wav */ = {isa = PBXFileReference; lastKnownFileType = audio.wav; path = oldAlarmMelody.wav; sourceTree = "<group>"; };
/* End PBXFileReference section */

/* Begin PBXFrameworksBuildPhase section */
		92D7D64C2296F297009321AE /* Frameworks */ = {
			isa = PBXFrameworksBuildPhase;
			buildActionMask = 2147483647;
			files = (
				92695F1D2883267C00D382C2 /* DataLayer in Frameworks */,
				7E3414BE28426F6900725580 /* SelectableStackView in Frameworks */,
				7E3414C028426F6900725580 /* LoadingView in Frameworks */,
				92D1FD7F28833A3E008B8EC0 /* DomainLayer in Frameworks */,
				92695F1A28831EB800D382C2 /* Core in Frameworks */,
				92FE417A28833DE700F328DB /* Localization in Frameworks */,
			);
			runOnlyForDeploymentPostprocessing = 0;
		};
/* End PBXFrameworksBuildPhase section */

/* Begin PBXGroup section */
		58118E3FFAF9EC6FD86AEFC7 /* Frameworks */ = {
			isa = PBXGroup;
			children = (
			);
			name = Frameworks;
			sourceTree = "<group>";
		};
		7E153967274801D900CC2E7B /* SegmentedControlCell */ = {
			isa = PBXGroup;
			children = (
				7E15396C2748043700CC2E7B /* EditScheduleSegmentedControlCell+Model.swift */,
				7E153968274801F100CC2E7B /* EditScheduleSegmentedControlCell.swift */,
			);
			path = SegmentedControlCell;
			sourceTree = "<group>";
		};
		7E15397027494B7700CC2E7B /* ErrorView */ = {
			isa = PBXGroup;
			children = (
				7E69837524EC69DE002EE278 /* ErrorViewAddable.swift */,
				7E69837724EC69EE002EE278 /* ErrorViewCreatable.swift */,
				7E69837924EC69FE002EE278 /* ErrorViewRemovable.swift */,
				7E69837B24EC702B002EE278 /* ErrorView.swift */,
			);
			path = ErrorView;
			sourceTree = "<group>";
		};
		7E15397127494C1000CC2E7B /* AudioPlayer */ = {
			isa = PBXGroup;
			children = (
				7EEB1E0C24424010001ABE4A /* AudioPlayer.swift */,
				7E15397227494C1F00CC2E7B /* AudioPlayerError.swift */,
				7E15397427494C3400CC2E7B /* Sound.swift */,
			);
			path = AudioPlayer;
			sourceTree = "<group>";
		};
		7E1539782749672E00CC2E7B /* RefreshSunTimes */ = {
			isa = PBXGroup;
			children = (
				7E15397B2749674B00CC2E7B /* RefreshSunTimesView.swift */,
				7E15397D2749675300CC2E7B /* RefreshSunTimesViewController.swift */,
			);
			path = RefreshSunTimes;
			sourceTree = "<group>";
		};
		7E15397F2749B02900CC2E7B /* Packages */ = {
			isa = PBXGroup;
			children = (
				92D1FD8028833C59008B8EC0 /* Localization */,
				92D1FD7D288338A9008B8EC0 /* DomainLayer */,
				92695F1B28831EE400D382C2 /* DataLayer */,
				92695F1728831EB100D382C2 /* Core */,
			);
			name = Packages;
			sourceTree = "<group>";
		};
		7E199CD5240BD43C00B702AD /* SliderWithValues */ = {
			isa = PBXGroup;
			children = (
				7E199CD1240BD41D00B702AD /* SliderWithValues.swift */,
				7E199CD3240BD43400B702AD /* SliderWithValues.xib */,
			);
			path = SliderWithValues;
			sourceTree = "<group>";
		};
		7E252A8626EBBE5000DEB6F0 /* Onboarding */ = {
			isa = PBXGroup;
			children = (
				7E5A1E9E282FA868005F19D6 /* Onboarding.swift */,
				7E252A8926EBBE9600DEB6F0 /* OnboardingView.swift */,
				7E43063C26ECC4E400B67315 /* ContentView.swift */,
				7E252A8726EBBE6600DEB6F0 /* OnboardingViewController.swift */,
			);
			path = Onboarding;
			sourceTree = "<group>";
		};
		7E2CA80C24031E85000CEFA5 /* CollectionView */ = {
			isa = PBXGroup;
			children = (
				7EA7BA0B2354F2510051A92D /* CollectionView.swift */,
				7E989FE025F5B0DF001954CD /* CollectionPageScrollDelegate.swift */,
			);
			path = CollectionView;
			sourceTree = "<group>";
		};
		7E2CA80D24031FDB000CEFA5 /* ConfigurableCell */ = {
			isa = PBXGroup;
			children = (
				7E541AF623FB384F00BAD710 /* ConfigurableCell.swift */,
				7E541AF823FB386B00BAD710 /* CellConfigurator.swift */,
			);
			path = ConfigurableCell;
			sourceTree = "<group>";
		};
		7E2CA80E24031FF8000CEFA5 /* TableView */ = {
			isa = PBXGroup;
			children = (
				7E8C6B972350FB9C0086162F /* TableView.swift */,
				7E31497C23425CA600941606 /* TableViewDataSource.swift */,
				7E2CA80F24032A0F000CEFA5 /* TableCellConfigurator.swift */,
			);
			path = TableView;
			sourceTree = "<group>";
		};
		7E326311275EBCE70045CEA0 /* Transitions */ = {
			isa = PBXGroup;
			children = (
				7EA0924122C8CF820019F2E9 /* ScrollTransition.swift */,
				7E326312275EBCFB0045CEA0 /* CrossDissolveTransition.swift */,
			);
			path = Transitions;
			sourceTree = "<group>";
		};
		7E346CE1274A5BFE00848DBB /* AdjustSchedule */ = {
			isa = PBXGroup;
			children = (
				7E346CE2274A5BFE00848DBB /* AdjustScheduleView.swift */,
				7E346CE4274A5BFE00848DBB /* AdjustScheduleViewController.swift */,
			);
			path = AdjustSchedule;
			sourceTree = "<group>";
		};
		7E43064C26ED513A00B67315 /* Views */ = {
			isa = PBXGroup;
			children = (
				7E43064D26ED514C00B67315 /* SettingItemView.swift */,
			);
			path = Views;
			sourceTree = "<group>";
		};
		7E43065526EE2FBE00B67315 /* About */ = {
			isa = PBXGroup;
			children = (
				7E43065626EE4F2000B67315 /* AboutView.swift */,
				7E43065826EE4F3200B67315 /* AboutViewController.swift */,
				7E43066126EE974D00B67315 /* AboutIdentifier.swift */,
				7E43066026EE63DD00B67315 /* Views */,
			);
			path = About;
			sourceTree = "<group>";
		};
		7E43066026EE63DD00B67315 /* Views */ = {
			isa = PBXGroup;
			children = (
				7E43065E26EE63DB00B67315 /* AboutItemView.swift */,
			);
			path = Views;
			sourceTree = "<group>";
		};
		7E4901882340F3BE0034521E /* Today */ = {
			isa = PBXGroup;
			children = (
				7E3543FE283A5C1200C1E149 /* Today.swift */,
				7E6268BF24D5D49C00F70BC3 /* TodayView.swift */,
				92E77AF922A5304400E5E21C /* TodayViewController.swift */,
				7E6225CA2619B954001AA8FD /* Days */,
			);
			path = Today;
			sourceTree = "<group>";
		};
		7E4901892340F3D90034521E /* PrepareToSleep */ = {
			isa = PBXGroup;
			children = (
				7E8EFA3026EABC2F00DEE564 /* Sleep.storyboard */,
				7E9D9C0724E596DA000772C0 /* PrepareToSleepView.swift */,
				7EB29E0C241987DD00116433 /* PrepareToSleepViewController.swift */,
			);
			path = PrepareToSleep;
			sourceTree = "<group>";
		};
		7E49018A2340F4190034521E /* Settings */ = {
			isa = PBXGroup;
			children = (
				7E9AC0D52871E95B00E0153E /* Settings.swift */,
				7E43064A26ED4FF600B67315 /* SettingsView.swift */,
				92E77AF722A5303400E5E21C /* SettingsViewController.swift */,
				7E43064C26ED513A00B67315 /* Views */,
			);
			path = Settings;
			sourceTree = "<group>";
		};
		7E49018B2340F4460034521E /* Schedule */ = {
			isa = PBXGroup;
			children = (
				7EB9F34F23C35CA9002A6DD3 /* SchedulePage.swift */,
				7E9D9C1224E5DA57000772C0 /* SchedulePageView.swift */,
				7EE939162340F68800FE9954 /* SchedulePageViewController.swift */,
			);
			path = Schedule;
			sourceTree = "<group>";
		};
		7E514DC125A87FB1000EBE81 /* Alarming */ = {
			isa = PBXGroup;
			children = (
				7E514DB725A87F67000EBE81 /* AlarmingView.swift */,
				7E514DB225A87F5E000EBE81 /* AlarmingViewController.swift */,
			);
			path = Alarming;
			sourceTree = "<group>";
		};
		7E5A1EA5282FE009005F19D6 /* Presentation */ = {
			isa = PBXGroup;
			children = (
				92D7D65B2296F298009321AE /* LaunchScreen.storyboard */,
				7E4798F4239D894B007FB8F2 /* Storyboard.swift */,
				7E5A1EAE282FE1CE005F19D6 /* Coordinator.swift */,
				7E5A1EB428300A66005F19D6 /* Pages */,
			);
			path = Presentation;
			sourceTree = "<group>";
		};
		7E5A1EB428300A66005F19D6 /* Pages */ = {
			isa = PBXGroup;
			children = (
				12F895F72A6BFA32000389B7 /* PermissionView.swift */,
				12F895F92A6BFC8A000389B7 /* PermissonViewController.swift */,
				7E43065526EE2FBE00B67315 /* About */,
				7E346CE1274A5BFE00848DBB /* AdjustSchedule */,
				7EB73414274EBC2800DC7758 /* AfterSleep */,
				7E514DC125A87FB1000EBE81 /* Alarming */,
				7EFF58B5241C1E1A00D2CCEC /* Sleep */,
				7E1539782749672E00CC2E7B /* RefreshSunTimes */,
				7EE3EB8F274D7D390000CFDE /* KeepAppOpenedSuggestion */,
				7E4901892340F3D90034521E /* PrepareToSleep */,
				7EF3EE172340F794003BE978 /* CreateSchedule */,
				7E708A3C23BFD8F2003B5702 /* EditSchedule */,
				7E49018A2340F4190034521E /* Settings */,
				7E252A8626EBBE5000DEB6F0 /* Onboarding */,
				7E4901882340F3BE0034521E /* Today */,
				7E49018B2340F4460034521E /* Schedule */,
			);
			path = Pages;
			sourceTree = "<group>";
		};
		7E6225AE26192E10001AA8FD /* Styleable */ = {
			isa = PBXGroup;
			children = (
				7E6225A926192DF9001AA8FD /* Styleable.swift */,
				7E378661261679460098A204 /* CALayer+Styleable.swift */,
				7E6225B226192E24001AA8FD /* UILabel+Styleable.swift */,
				7E6225B726192E3F001AA8FD /* UIButton+Styleable.swift */,
				7E15396A2748028400CC2E7B /* UISegmentedControl+Styleable.swift */,
				7E6225BF26192E6E001AA8FD /* UITabBarItemAppearance+Styleable.swift */,
				7E5E334F261A17FF000EE976 /* UIDatePicker+Styleable.swift */,
			);
			path = Styleable;
			sourceTree = "<group>";
		};
		7E6225CA2619B954001AA8FD /* Days */ = {
			isa = PBXGroup;
			children = (
				7E354402283AA21F00C1E149 /* Days.swift */,
				7EB9003F23256BF3006EB9A8 /* DaysView.swift */,
				7EAD159E25F50DF700392E6A /* DaysViewController.swift */,
				7EADA5E7239DA9FA00FE4843 /* Views */,
			);
			path = Days;
			sourceTree = "<group>";
		};
		7E6225E32619CE26001AA8FD /* Gradientable */ = {
			isa = PBXGroup;
			children = (
				7E6225D62619CD9F001AA8FD /* Gradientable.swift */,
				7E6225DE2619CDE7001AA8FD /* CAGradientLayer+Gradientable.swift */,
			);
			path = Gradientable;
			sourceTree = "<group>";
		};
		7E69836C24EC6977002EE278 /* Alerts */ = {
			isa = PBXGroup;
			children = (
				7E69836F24EC69A5002EE278 /* AlertCreatable.swift */,
				7E69837124EC69B8002EE278 /* AlertPresentable.swift */,
			);
			path = Alerts;
			sourceTree = "<group>";
		};
		7E708A3523BF666F003B5702 /* ContentViewControllers */ = {
			isa = PBXGroup;
			children = (
				7E07A10023AFBEE300B9D61A /* WelcomeCreateScheduleViewController.swift */,
				7E708A3323BF635B003B5702 /* SleepDurationCreateScheduleViewController.swift */,
				7E8AB6CD23A18D27009CE41A /* WakeUpTimeCreateScheduleViewController.swift */,
				7E2E0A682744471B00A51344 /* IntensityCreateScheduleViewController.swift */,
				7E708A3823BFD09B003B5702 /* WentSleepCreateScheduleViewController.swift */,
				7E708A3A23BFD0C7003B5702 /* ScheduleCreatedCreateScheduleViewController.swift */,
			);
			path = ContentViewControllers;
			sourceTree = "<group>";
		};
		7E708A3C23BFD8F2003B5702 /* EditSchedule */ = {
			isa = PBXGroup;
			children = (
				7E9AC0D72871F54E00E0153E /* EditSchedule.swift */,
				7E9D9C1424EB0E13000772C0 /* EditScheduleView.swift */,
				7E708A3F23BFD92D003B5702 /* EditScheduleViewController.swift */,
				7EF4C1A124043A8F0098135A /* TableView */,
			);
			path = EditSchedule;
			sourceTree = "<group>";
		};
		7E88A34F23F8B1F400E792CA /* Animations */ = {
			isa = PBXGroup;
			children = (
				7E326311275EBCE70045CEA0 /* Transitions */,
				7E25756623F8749A007AE4B5 /* Animation.swift */,
				7E88A35023F8B20C00E792CA /* VerticalPositionMoveAnimation.swift */,
			);
			path = Animations;
			sourceTree = "<group>";
		};
		7E8EFA4026EAC4B600DEE564 /* Generated */ = {
			isa = PBXGroup;
			children = (
				7E43063626EBC93300B67315 /* XCAssets+Generated.swift */,
			);
			path = Generated;
			sourceTree = "<group>";
		};
		7EADA5E7239DA9FA00FE4843 /* Views */ = {
			isa = PBXGroup;
			children = (
				7EA7BA092354F1810051A92D /* DaysCollectionView.swift */,
				7EFAEF6A26F5939B00C51A13 /* Cell */,
			);
			path = Views;
			sourceTree = "<group>";
		};
		7EB73414274EBC2800DC7758 /* AfterSleep */ = {
			isa = PBXGroup;
			children = (
				7EB73416274EBC2800DC7758 /* AfterSleepView.swift */,
				7EB73415274EBC2800DC7758 /* AfterSleepViewController.swift */,
			);
			path = AfterSleep;
			sourceTree = "<group>";
		};
		7ECD2C742419168900408C4B /* ButtonTableCell */ = {
			isa = PBXGroup;
			children = (
				7ECD2C77241916C600408C4B /* EditScheduleButtonTableCell+Model.swift */,
				7ECD2C702419168600408C4B /* EditScheduleButtonTableCell.swift */,
			);
			path = ButtonTableCell;
			sourceTree = "<group>";
		};
		7ED6DD3A25E2A36B00F906CE /* ImageLabelView */ = {
			isa = PBXGroup;
			children = (
				7EEFC01625E1AFD8007AE725 /* ImageLabelView.swift */,
				7ED6DD3025E1B50800F906CE /* ImageLabelView.xib */,
			);
			path = ImageLabelView;
			sourceTree = "<group>";
		};
		7EE3EB8F274D7D390000CFDE /* KeepAppOpenedSuggestion */ = {
			isa = PBXGroup;
			children = (
				7E9AC0DB28720C7F00E0153E /* KeepAppOpenedSuggestion.swift */,
				7EE3EB91274D7D390000CFDE /* KeepAppOpenedSuggestionView.swift */,
				7EE3EB92274D7D390000CFDE /* KeepAppOpenedSuggestionViewController.swift */,
			);
			path = KeepAppOpenedSuggestion;
			sourceTree = "<group>";
		};
		7EE87CEB2442233500E1BD3B /* LongPressProgressButton */ = {
			isa = PBXGroup;
			children = (
				7EE6905B243E64C600CA423E /* LongPressProgressButton.xib */,
				7EE6905D243E658B00CA423E /* LongPressProgressButton.swift */,
			);
			path = LongPressProgressButton;
			sourceTree = "<group>";
		};
		7EEB1E10244336A7001ABE4A /* Sounds */ = {
			isa = PBXGroup;
			children = (
				7EEB1E112443370F001ABE4A /* AlarmSounds.swift */,
				7EEB1E0E2443369F001ABE4A /* bellAlarm.wav */,
				12FD5FB62A70FB21003A532E /* shum.wav */,
			);
			path = Sounds;
			sourceTree = "<group>";
		};
		7EF3EE162340F75A003BE978 /* Resources */ = {
			isa = PBXGroup;
			children = (
				7E8EFA4026EAC4B600DEE564 /* Generated */,
				7E97226325B8C90500DBEF5E /* Style.swift */,
				7EEB1E10244336A7001ABE4A /* Sounds */,
				92D7D65E2296F298009321AE /* Info.plist */,
				92D7D6592296F298009321AE /* Assets.xcassets */,
			);
			path = Resources;
			sourceTree = "<group>";
		};
		7EF3EE172340F794003BE978 /* CreateSchedule */ = {
			isa = PBXGroup;
			children = (
				7E8EFA3526EABC3800DEE564 /* CreateSchedule.storyboard */,
				7EB9F35323C36B54002A6DD3 /* CreateScheduleAssembler.swift */,
				7E9D9C1024E5BEFA000772C0 /* CreateScheduleView.swift */,
				7EB196D923A01B8F00E6C40B /* CreateScheduleViewController.swift */,
				7E708A3523BF666F003B5702 /* ContentViewControllers */,
			);
			path = CreateSchedule;
			sourceTree = "<group>";
		};
		7EF3EE192340F8A5003BE978 /* Utils */ = {
			isa = PBXGroup;
			children = (
				7E15397127494C1000CC2E7B /* AudioPlayer */,
			);
			path = Utils;
			sourceTree = "<group>";
		};
		7EF4C199240412F20098135A /* DatePickerTableCell */ = {
			isa = PBXGroup;
			children = (
				7EF4C197240412EC0098135A /* EditScheduleDatePickerTableCell+Model.swift */,
				7EF4C193240412D80098135A /* EditScheduleDatePickerTableCell.swift */,
			);
			path = DatePickerTableCell;
			sourceTree = "<group>";
		};
		7EF4C19A240436B40098135A /* SliderTableCell */ = {
			isa = PBXGroup;
			children = (
				7EF4C19F240436D70098135A /* EditScheduleSliderTableCell+Model.swift */,
				7EF4C19B240436CD0098135A /* EditScheduleSliderTableCell.swift */,
			);
			path = SliderTableCell;
			sourceTree = "<group>";
		};
		7EF4C1A124043A8F0098135A /* TableView */ = {
			isa = PBXGroup;
			children = (
				7E31497E23425D3700941606 /* EditScheduleTableView.swift */,
				7E153967274801D900CC2E7B /* SegmentedControlCell */,
				7EF4C19A240436B40098135A /* SliderTableCell */,
				7EF4C199240412F20098135A /* DatePickerTableCell */,
				7ECD2C742419168900408C4B /* ButtonTableCell */,
			);
			path = TableView;
			sourceTree = "<group>";
		};
		7EFAEF6326F4FBEA00C51A13 /* Extensions */ = {
			isa = PBXGroup;
			children = (
				7E6225AE26192E10001AA8FD /* Styleable */,
				7E5E3359261A34B4000EE976 /* UIView+applyBlur.swift */,
				7E5E3354261A3496000EE976 /* UIView+invertAlpha.swift */,
				7E43063826EBCEDD00B67315 /* UIView+addSubviews.swift */,
				7EEA217823B6A3B400354BEA /* UIViewController+present.swift */,
				7E346CEE274A64E700848DBB /* UIViewController+addBackground.swift */,
				7E346CF0274AC8F700848DBB /* UIViewController+addScreenTitleView.swift */,
				7E43063A26EBCEF600B67315 /* UIView+activateConstraints.swift */,
				7E43064F26ED528700B67315 /* UIStackView+addSeparators.swift */,
				7E43065C26EE617500B67315 /* UIStackView+addArrangedSubviews.swift */,
				7E48D2B3274C22C900B14355 /* UIScreen+isSmallSize.swift */,
				7E18C6C627616B3300BD6471 /* UINavigationController+replaceAllOnTopOfRoot.swift */,
				7E13C71E27617F73009310CD /* UITabBarItem+withSystemIcons.swift */,
			);
			path = Extensions;
			sourceTree = "<group>";
		};
		7EFAEF6426F4FC1300C51A13 /* Protocols */ = {
			isa = PBXGroup;
			children = (
				7E69836C24EC6977002EE278 /* Alerts */,
				7E6225E32619CE26001AA8FD /* Gradientable */,
				7EB26950234F9972008AEB3D /* NibLoadable.swift */,
				7E388E37243A3C16001A28DF /* PropertyAnimatable.swift */,
				7ED6DD3E25E33E3D00F906CE /* Statefull.swift */,
				7E15396E2748156C00CC2E7B /* SelfHeightSizing.swift */,
			);
			path = Protocols;
			sourceTree = "<group>";
		};
		7EFAEF6526F4FD0200C51A13 /* Views */ = {
			isa = PBXGroup;
			children = (
				92D12FDC22A44B3B0093B0A3 /* TabBarController.swift */,
				7E326314275EBD1E0045CEA0 /* NavigationController.swift */,
				7EE87CEE2442254A00E1BD3B /* AutoRefreshableLabel.swift */,
				7E5F292923F9638C0050DFD3 /* FloatingLabel.swift */,
				7E0B88F52455BEF400BC3CF5 /* SelectableStackViewButton.swift */,
				7E6225D12619CD75001AA8FD /* HorizontalFadeView.swift */,
				7EB9003D23256AC9006EB9A8 /* DesignableContainerView.swift */,
				7EB90046232AB9EB006EB9A8 /* ProgressBar.swift */,
				7E9D9C0E24E5BADC000772C0 /* FloatingButton.swift */,
				7ED6DD3525E2A30700F906CE /* ImageLabelViewWithContextMenu.swift */,
				7ECA517D25E340BD009362F9 /* ContextPreview.swift */,
				7E346CEA274A635F00848DBB /* View.swift */,
				7EB26952234F99AE008AEB3D /* Button.swift */,
				7E15398B2749D70C00CC2E7B /* CloseableButton.swift */,
				7E346CE8274A5C5500848DBB /* ScreenTitleView.swift */,
				7E346CEC274A637B00848DBB /* BackgroundView.swift */,
				7E15398D2749D71E00CC2E7B /* CloseButton.swift */,
				7E15397027494B7700CC2E7B /* ErrorView */,
				7EE87CEB2442233500E1BD3B /* LongPressProgressButton */,
				7ED6DD3A25E2A36B00F906CE /* ImageLabelView */,
				7E199CD5240BD43C00B702AD /* SliderWithValues */,
				7E2CA80D24031FDB000CEFA5 /* ConfigurableCell */,
				7E2CA80E24031FF8000CEFA5 /* TableView */,
				7E2CA80C24031E85000CEFA5 /* CollectionView */,
			);
			path = Views;
			sourceTree = "<group>";
		};
		7EFAEF6A26F5939B00C51A13 /* Cell */ = {
			isa = PBXGroup;
			children = (
				7E541AF223FB259400BAD710 /* DaysCollectionCell.swift */,
				7EFAEF6826F5938200C51A13 /* DaysCollectionCell+SideItemVStack.swift */,
				7EFAEF6626F5785300C51A13 /* DaysCollectionCell+Model.swift */,
			);
			path = Cell;
			sourceTree = "<group>";
		};
		7EFF58B5241C1E1A00D2CCEC /* Sleep */ = {
			isa = PBXGroup;
			children = (
				7E9D9C0324E58F38000772C0 /* SleepView.swift */,
				92D7D6542296F297009321AE /* SleepViewController.swift */,
			);
			path = Sleep;
			sourceTree = "<group>";
		};
		92D7D6462296F297009321AE = {
			isa = PBXGroup;
			children = (
				7E15397F2749B02900CC2E7B /* Packages */,
				92D7D6512296F297009321AE /* Rise */,
				92D7D6502296F297009321AE /* Products */,
				58118E3FFAF9EC6FD86AEFC7 /* Frameworks */,
			);
			sourceTree = "<group>";
		};
		92D7D6502296F297009321AE /* Products */ = {
			isa = PBXGroup;
			children = (
				92D7D64F2296F297009321AE /* Rise.app */,
			);
			name = Products;
			sourceTree = "<group>";
		};
		92D7D6512296F297009321AE /* Rise */ = {
			isa = PBXGroup;
			children = (
				920383272A659F6300CE6E3E /* Rise.entitlements */,
				92D7D6522296F297009321AE /* AppDelegate.swift */,
				CEA3AC022A5ABBBA004A32CE /* Sounds */,
				7E5A1EA5282FE009005F19D6 /* Presentation */,
				92D7D68422980138009321AE /* UI */,
				7EF3EE192340F8A5003BE978 /* Utils */,
				7EF3EE162340F75A003BE978 /* Resources */,
			);
			path = Rise;
			sourceTree = "<group>";
		};
		92D7D68422980138009321AE /* UI */ = {
			isa = PBXGroup;
			children = (
				7EFAEF6426F4FC1300C51A13 /* Protocols */,
				7EFAEF6326F4FBEA00C51A13 /* Extensions */,
				7EFAEF6526F4FD0200C51A13 /* Views */,
				7E88A34F23F8B1F400E792CA /* Animations */,
			);
			path = UI;
			sourceTree = "<group>";
		};
		CEA3AC022A5ABBBA004A32CE /* Sounds */ = {
			isa = PBXGroup;
			children = (
				CEEEFB322A5DAC8C0060D6EA /* cockMelody.wav */,
				CEEEFB312A5DAC8C0060D6EA /* erokiaMelody.mp3 */,
				CEEEFB342A5DAC8C0060D6EA /* oldAlarmMelody.wav */,
				CEEEFB332A5DAC8C0060D6EA /* tiktakMelody.wav */,
				CE8BD5A02A55636300C15CD0 /* DefaultMelody.wav */,
			);
			path = Sounds;
			sourceTree = "<group>";
		};
/* End PBXGroup section */

/* Begin PBXNativeTarget section */
		92D7D64E2296F297009321AE /* Rise */ = {
			isa = PBXNativeTarget;
			buildConfigurationList = 92D7D6772296F298009321AE /* Build configuration list for PBXNativeTarget "Rise" */;
			buildPhases = (
				92D7D64B2296F297009321AE /* Sources */,
				92D7D64C2296F297009321AE /* Frameworks */,
				92D7D64D2296F297009321AE /* Resources */,
				7E8EFA3F26EAC42800DEE564 /* ShellScript */,
			);
			buildRules = (
			);
			dependencies = (
			);
			name = Rise;
			packageProductDependencies = (
				7E3414BD28426F6900725580 /* SelectableStackView */,
				7E3414BF28426F6900725580 /* LoadingView */,
				92695F1928831EB800D382C2 /* Core */,
				92695F1C2883267C00D382C2 /* DataLayer */,
				92D1FD7E28833A3E008B8EC0 /* DomainLayer */,
				92FE417928833DE700F328DB /* Localization */,
			);
			productName = Rise;
			productReference = 92D7D64F2296F297009321AE /* Rise.app */;
			productType = "com.apple.product-type.application";
		};
/* End PBXNativeTarget section */

/* Begin PBXProject section */
		92D7D6472296F297009321AE /* Project object */ = {
			isa = PBXProject;
			attributes = {
				LastSwiftUpdateCheck = 1130;
				LastUpgradeCheck = 1200;
				ORGANIZATIONNAME = VladimirBrejcha;
				TargetAttributes = {
					92D7D64E2296F297009321AE = {
						CreatedOnToolsVersion = 10.2.1;
					};
				};
			};
			buildConfigurationList = 92D7D64A2296F297009321AE /* Build configuration list for PBXProject "Rise" */;
			compatibilityVersion = "Xcode 11.0";
			developmentRegion = en;
			hasScannedForEncodings = 0;
			knownRegions = (
				en,
				Base,
			);
			mainGroup = 92D7D6462296F297009321AE;
			packageReferences = (
				7E1539812749B09100CC2E7B /* XCRemoteSwiftPackageReference "SelectableStackView" */,
				7E5A1E97282FA507005F19D6 /* XCRemoteSwiftPackageReference "LoadingView" */,
			);
			productRefGroup = 92D7D6502296F297009321AE /* Products */;
			projectDirPath = "";
			projectRoot = "";
			targets = (
				92D7D64E2296F297009321AE /* Rise */,
			);
		};
/* End PBXProject section */

/* Begin PBXResourcesBuildPhase section */
		92D7D64D2296F297009321AE /* Resources */ = {
			isa = PBXResourcesBuildPhase;
			buildActionMask = 2147483647;
			files = (
				12FD5FB72A70FB21003A532E /* shum.wav in Resources */,
				CEEEFB382A5DAC8C0060D6EA /* oldAlarmMelody.wav in Resources */,
				CE8BD5A12A55636300C15CD0 /* DefaultMelody.wav in Resources */,
				7E199CD4240BD43400B702AD /* SliderWithValues.xib in Resources */,
				92D7D65D2296F298009321AE /* LaunchScreen.storyboard in Resources */,
				7E8EFA3226EABC2F00DEE564 /* Sleep.storyboard in Resources */,
				CEEEFB362A5DAC8C0060D6EA /* cockMelody.wav in Resources */,
				92695F1828831EB100D382C2 /* Core in Resources */,
				7EE6905C243E64C600CA423E /* LongPressProgressButton.xib in Resources */,
				7ED6DD3125E1B50800F906CE /* ImageLabelView.xib in Resources */,
				CEEEFB372A5DAC8C0060D6EA /* tiktakMelody.wav in Resources */,
				92D7D65A2296F298009321AE /* Assets.xcassets in Resources */,
				CEEEFB352A5DAC8C0060D6EA /* erokiaMelody.mp3 in Resources */,
				7E8EFA3C26EABC3900DEE564 /* CreateSchedule.storyboard in Resources */,
				7EEB1E0F2443369F001ABE4A /* bellAlarm.wav in Resources */,
			);
			runOnlyForDeploymentPostprocessing = 0;
		};
/* End PBXResourcesBuildPhase section */

/* Begin PBXShellScriptBuildPhase section */
		7E8EFA3F26EAC42800DEE564 /* ShellScript */ = {
			isa = PBXShellScriptBuildPhase;
			alwaysOutOfDate = 1;
			buildActionMask = 2147483647;
			files = (
			);
			inputFileListPaths = (
			);
			inputPaths = (
			);
			outputFileListPaths = (
			);
			outputPaths = (
			);
			runOnlyForDeploymentPostprocessing = 0;
			shellPath = /bin/sh;
			shellScript = "swiftgen-6/bin/swiftgen\n";
		};
/* End PBXShellScriptBuildPhase section */

/* Begin PBXSourcesBuildPhase section */
		92D7D64B2296F297009321AE /* Sources */ = {
			isa = PBXSourcesBuildPhase;
			buildActionMask = 2147483647;
			files = (
				7E8AB6CE23A18D27009CE41A /* WakeUpTimeCreateScheduleViewController.swift in Sources */,
				7EFAEF6926F5938200C51A13 /* DaysCollectionCell+SideItemVStack.swift in Sources */,
				7E252A8A26EBBE9600DEB6F0 /* OnboardingView.swift in Sources */,
				7EF4C19D240436CD0098135A /* EditScheduleSliderTableCell.swift in Sources */,
				7E88A35123F8B20C00E792CA /* VerticalPositionMoveAnimation.swift in Sources */,
				7E5A1EAF282FE1CE005F19D6 /* Coordinator.swift in Sources */,
				7E514DB825A87F67000EBE81 /* AlarmingView.swift in Sources */,
				7E97226425B8C90500DBEF5E /* Style.swift in Sources */,
				7E69837224EC69B8002EE278 /* AlertPresentable.swift in Sources */,
				7EB26953234F99AE008AEB3D /* Button.swift in Sources */,
				7E15397E2749675300CC2E7B /* RefreshSunTimesViewController.swift in Sources */,
				7EB73419274EBC2800DC7758 /* AfterSleepView.swift in Sources */,
				7E15396F2748156C00CC2E7B /* SelfHeightSizing.swift in Sources */,
				7E43065026ED528700B67315 /* UIStackView+addSeparators.swift in Sources */,
				7E69837624EC69DE002EE278 /* ErrorViewAddable.swift in Sources */,
				7E13C71F27617F73009310CD /* UITabBarItem+withSystemIcons.swift in Sources */,
				7EB1C0332340F9550028237E /* SchedulePageViewController.swift in Sources */,
				7E2E0A692744471B00A51344 /* IntensityCreateScheduleViewController.swift in Sources */,
				7ED6DD3625E2A30700F906CE /* ImageLabelViewWithContextMenu.swift in Sources */,
				7EF4C1A0240436D70098135A /* EditScheduleSliderTableCell+Model.swift in Sources */,
				7E153969274801F100CC2E7B /* EditScheduleSegmentedControlCell.swift in Sources */,
				7EB9F35023C35CA9002A6DD3 /* SchedulePage.swift in Sources */,
				92E77AFA22A5304400E5E21C /* TodayViewController.swift in Sources */,
				7E9AC0D82871F54E00E0153E /* EditSchedule.swift in Sources */,
				7E541AF923FB386B00BAD710 /* CellConfigurator.swift in Sources */,
				7E541AF423FB259400BAD710 /* DaysCollectionCell.swift in Sources */,
				7E4798F5239D894B007FB8F2 /* Storyboard.swift in Sources */,
				7E15397527494C3400CC2E7B /* Sound.swift in Sources */,
				7EF4C195240412D80098135A /* EditScheduleDatePickerTableCell.swift in Sources */,
				7E31497F23425D3700941606 /* EditScheduleTableView.swift in Sources */,
				7E708A3B23BFD0C7003B5702 /* ScheduleCreatedCreateScheduleViewController.swift in Sources */,
				7E6225DF2619CDE7001AA8FD /* CAGradientLayer+Gradientable.swift in Sources */,
				7E43065926EE4F3200B67315 /* AboutViewController.swift in Sources */,
				7E388E38243A3C16001A28DF /* PropertyAnimatable.swift in Sources */,
				7EE3EB94274D7D390000CFDE /* KeepAppOpenedSuggestionView.swift in Sources */,
				7E3543FF283A5C1200C1E149 /* Today.swift in Sources */,
				7E43065F26EE63DB00B67315 /* AboutItemView.swift in Sources */,
				7EA7BA0A2354F1810051A92D /* DaysCollectionView.swift in Sources */,
				7E708A4023BFD92D003B5702 /* EditScheduleViewController.swift in Sources */,
				7E48D2B4274C22C900B14355 /* UIScreen+isSmallSize.swift in Sources */,
				7E18C6C727616B3300BD6471 /* UINavigationController+replaceAllOnTopOfRoot.swift in Sources */,
				7E9D9C0F24E5BADC000772C0 /* FloatingButton.swift in Sources */,
				92D7D6552296F297009321AE /* SleepViewController.swift in Sources */,
				7E346CEB274A635F00848DBB /* View.swift in Sources */,
				7E541AF723FB384F00BAD710 /* ConfigurableCell.swift in Sources */,
				7EB26951234F9972008AEB3D /* NibLoadable.swift in Sources */,
				7EB90047232AB9EB006EB9A8 /* ProgressBar.swift in Sources */,
				7E5E335A261A34B4000EE976 /* UIView+applyBlur.swift in Sources */,
				7E6225B326192E24001AA8FD /* UILabel+Styleable.swift in Sources */,
				7E69837A24EC69FE002EE278 /* ErrorViewRemovable.swift in Sources */,
				7E25756723F8749A007AE4B5 /* Animation.swift in Sources */,
				7E199CD2240BD41D00B702AD /* SliderWithValues.swift in Sources */,
				7E15396B2748028400CC2E7B /* UISegmentedControl+Styleable.swift in Sources */,
				7EAD159F25F50DF700392E6A /* DaysViewController.swift in Sources */,
				7E378662261679460098A204 /* CALayer+Styleable.swift in Sources */,
				7ED6DD3F25E33E3D00F906CE /* Statefull.swift in Sources */,
				7E07A10123AFBEE300B9D61A /* WelcomeCreateScheduleViewController.swift in Sources */,
				7E989FE125F5B0DF001954CD /* CollectionPageScrollDelegate.swift in Sources */,
				7E9AC0DC28720C7F00E0153E /* KeepAppOpenedSuggestion.swift in Sources */,
				7E43064E26ED514C00B67315 /* SettingItemView.swift in Sources */,
				7EF4C198240412EC0098135A /* EditScheduleDatePickerTableCell+Model.swift in Sources */,
				7E6225D22619CD75001AA8FD /* HorizontalFadeView.swift in Sources */,
				7EE3EB95274D7D390000CFDE /* KeepAppOpenedSuggestionViewController.swift in Sources */,
				7E346CEF274A64E700848DBB /* UIViewController+addBackground.swift in Sources */,
				7E6268C024D5D49C00F70BC3 /* TodayView.swift in Sources */,
				7E69837C24EC702B002EE278 /* ErrorView.swift in Sources */,
				7E43066226EE974D00B67315 /* AboutIdentifier.swift in Sources */,
				7E15398E2749D71E00CC2E7B /* CloseButton.swift in Sources */,
				7E2CA81024032A0F000CEFA5 /* TableCellConfigurator.swift in Sources */,
				7EB9F35423C36B54002A6DD3 /* CreateScheduleAssembler.swift in Sources */,
				7E5E3355261A3496000EE976 /* UIView+invertAlpha.swift in Sources */,
				7ECD2C722419168600408C4B /* EditScheduleButtonTableCell.swift in Sources */,
				7E43065D26EE617500B67315 /* UIStackView+addArrangedSubviews.swift in Sources */,
				7EEFC01725E1AFD8007AE725 /* ImageLabelView.swift in Sources */,
				7E43065726EE4F2000B67315 /* AboutView.swift in Sources */,
				7E15397327494C1F00CC2E7B /* AudioPlayerError.swift in Sources */,
				7EB9003E23256AC9006EB9A8 /* DesignableContainerView.swift in Sources */,
				7E346CE5274A5BFE00848DBB /* AdjustScheduleView.swift in Sources */,
				7E708A3923BFD09B003B5702 /* WentSleepCreateScheduleViewController.swift in Sources */,
				7E6225AA26192DF9001AA8FD /* Styleable.swift in Sources */,
				92D12FDD22A44B3B0093B0A3 /* TabBarController.swift in Sources */,
				7E43063D26ECC4E400B67315 /* ContentView.swift in Sources */,
				7E326313275EBCFB0045CEA0 /* CrossDissolveTransition.swift in Sources */,
				7E43063726EBC93300B67315 /* XCAssets+Generated.swift in Sources */,
				7E9AC0D62871E95B00E0153E /* Settings.swift in Sources */,
				7EB29E0D241987DD00116433 /* PrepareToSleepViewController.swift in Sources */,
				7E252A8826EBBE6600DEB6F0 /* OnboardingViewController.swift in Sources */,
				7E15398C2749D70C00CC2E7B /* CloseableButton.swift in Sources */,
				7ECA517E25E340BD009362F9 /* ContextPreview.swift in Sources */,
				7E346CF1274AC8F700848DBB /* UIViewController+addScreenTitleView.swift in Sources */,
				7E6225D72619CD9F001AA8FD /* Gradientable.swift in Sources */,
				7EB196DA23A01B8F00E6C40B /* CreateScheduleViewController.swift in Sources */,
				92D7D6532296F297009321AE /* AppDelegate.swift in Sources */,
				7EA7BA0C2354F2510051A92D /* CollectionView.swift in Sources */,
				7E0B88F72455BEF400BC3CF5 /* SelectableStackViewButton.swift in Sources */,
				7E69837024EC69A5002EE278 /* AlertCreatable.swift in Sources */,
				7E43063B26EBCEF600B67315 /* UIView+activateConstraints.swift in Sources */,
				7E346CE7274A5BFE00848DBB /* AdjustScheduleViewController.swift in Sources */,
				7E346CED274A637B00848DBB /* BackgroundView.swift in Sources */,
				7EA0924222C8CF820019F2E9 /* ScrollTransition.swift in Sources */,
				7E15396D2748043700CC2E7B /* EditScheduleSegmentedControlCell+Model.swift in Sources */,
				12F895F82A6BFA32000389B7 /* PermissionView.swift in Sources */,
				7E9D9C1524EB0E13000772C0 /* EditScheduleView.swift in Sources */,
				7E9D9C1324E5DA57000772C0 /* SchedulePageView.swift in Sources */,
				7E9D9C0824E596DA000772C0 /* PrepareToSleepView.swift in Sources */,
				7E346CE9274A5C5500848DBB /* ScreenTitleView.swift in Sources */,
				7E354403283AA21F00C1E149 /* Days.swift in Sources */,
				7E43063926EBCEDD00B67315 /* UIView+addSubviews.swift in Sources */,
				7EEB1E122443370F001ABE4A /* AlarmSounds.swift in Sources */,
				7E9D9C0424E58F39000772C0 /* SleepView.swift in Sources */,
				12F895FA2A6BFC8A000389B7 /* PermissonViewController.swift in Sources */,
				7EE6905E243E658B00CA423E /* LongPressProgressButton.swift in Sources */,
				7E5F292A23F9638C0050DFD3 /* FloatingLabel.swift in Sources */,
				7E43064B26ED4FF600B67315 /* SettingsView.swift in Sources */,
				7EE87CEF2442254A00E1BD3B /* AutoRefreshableLabel.swift in Sources */,
				7E326315275EBD1E0045CEA0 /* NavigationController.swift in Sources */,
				7EEA217923B6A3B400354BEA /* UIViewController+present.swift in Sources */,
				7E31497D23425CA600941606 /* TableViewDataSource.swift in Sources */,
				7E514DB325A87F5E000EBE81 /* AlarmingViewController.swift in Sources */,
				7E5A1E9F282FA868005F19D6 /* Onboarding.swift in Sources */,
				92E77AF822A5303400E5E21C /* SettingsViewController.swift in Sources */,
				7E8C6B982350FB9C0086162F /* TableView.swift in Sources */,
				7EB73418274EBC2800DC7758 /* AfterSleepViewController.swift in Sources */,
				7EEB1E0D24424010001ABE4A /* AudioPlayer.swift in Sources */,
				7E6225C026192E6E001AA8FD /* UITabBarItemAppearance+Styleable.swift in Sources */,
				7E15397C2749674B00CC2E7B /* RefreshSunTimesView.swift in Sources */,
				7E9D9C1124E5BEFA000772C0 /* CreateScheduleView.swift in Sources */,
				7EB9004023256BF3006EB9A8 /* DaysView.swift in Sources */,
				7E5E3350261A17FF000EE976 /* UIDatePicker+Styleable.swift in Sources */,
				7EFAEF6726F5785300C51A13 /* DaysCollectionCell+Model.swift in Sources */,
				7E6225B826192E3F001AA8FD /* UIButton+Styleable.swift in Sources */,
				7E69837824EC69EE002EE278 /* ErrorViewCreatable.swift in Sources */,
				7E708A3423BF635B003B5702 /* SleepDurationCreateScheduleViewController.swift in Sources */,
				7ECD2C78241916C600408C4B /* EditScheduleButtonTableCell+Model.swift in Sources */,
			);
			runOnlyForDeploymentPostprocessing = 0;
		};
/* End PBXSourcesBuildPhase section */

/* Begin PBXVariantGroup section */
		7E8EFA3026EABC2F00DEE564 /* Sleep.storyboard */ = {
			isa = PBXVariantGroup;
			children = (
				7E8EFA3126EABC2F00DEE564 /* Base */,
			);
			name = Sleep.storyboard;
			sourceTree = "<group>";
		};
		7E8EFA3526EABC3800DEE564 /* CreateSchedule.storyboard */ = {
			isa = PBXVariantGroup;
			children = (
				7E8EFA3626EABC3800DEE564 /* Base */,
			);
			name = CreateSchedule.storyboard;
			sourceTree = "<group>";
		};
		92D7D65B2296F298009321AE /* LaunchScreen.storyboard */ = {
			isa = PBXVariantGroup;
			children = (
				7E8EFA2B26EABBB700DEE564 /* Base */,
			);
			name = LaunchScreen.storyboard;
			sourceTree = "<group>";
		};
/* End PBXVariantGroup section */

/* Begin XCBuildConfiguration section */
		92D7D6752296F298009321AE /* Debug */ = {
			isa = XCBuildConfiguration;
			buildSettings = {
				ALWAYS_SEARCH_USER_PATHS = NO;
				CLANG_ANALYZER_NONNULL = YES;
				CLANG_ANALYZER_NUMBER_OBJECT_CONVERSION = YES_AGGRESSIVE;
				CLANG_CXX_LANGUAGE_STANDARD = "gnu++14";
				CLANG_CXX_LIBRARY = "libc++";
				CLANG_ENABLE_MODULES = YES;
				CLANG_ENABLE_OBJC_ARC = YES;
				CLANG_ENABLE_OBJC_WEAK = YES;
				CLANG_WARN_BLOCK_CAPTURE_AUTORELEASING = YES;
				CLANG_WARN_BOOL_CONVERSION = YES;
				CLANG_WARN_COMMA = YES;
				CLANG_WARN_CONSTANT_CONVERSION = YES;
				CLANG_WARN_DEPRECATED_OBJC_IMPLEMENTATIONS = YES;
				CLANG_WARN_DIRECT_OBJC_ISA_USAGE = YES_ERROR;
				CLANG_WARN_DOCUMENTATION_COMMENTS = YES;
				CLANG_WARN_EMPTY_BODY = YES;
				CLANG_WARN_ENUM_CONVERSION = YES;
				CLANG_WARN_INFINITE_RECURSION = YES;
				CLANG_WARN_INT_CONVERSION = YES;
				CLANG_WARN_NON_LITERAL_NULL_CONVERSION = YES;
				CLANG_WARN_OBJC_IMPLICIT_RETAIN_SELF = YES;
				CLANG_WARN_OBJC_LITERAL_CONVERSION = YES;
				CLANG_WARN_OBJC_ROOT_CLASS = YES_ERROR;
				CLANG_WARN_QUOTED_INCLUDE_IN_FRAMEWORK_HEADER = YES;
				CLANG_WARN_RANGE_LOOP_ANALYSIS = YES;
				CLANG_WARN_STRICT_PROTOTYPES = YES;
				CLANG_WARN_SUSPICIOUS_MOVE = YES;
				CLANG_WARN_UNGUARDED_AVAILABILITY = YES_AGGRESSIVE;
				CLANG_WARN_UNREACHABLE_CODE = YES;
				CLANG_WARN__DUPLICATE_METHOD_MATCH = YES;
				CODE_SIGN_IDENTITY = "iPhone Developer";
				COPY_PHASE_STRIP = NO;
				DEBUG_INFORMATION_FORMAT = dwarf;
				ENABLE_STRICT_OBJC_MSGSEND = YES;
				ENABLE_TESTABILITY = YES;
				GCC_C_LANGUAGE_STANDARD = gnu11;
				GCC_DYNAMIC_NO_PIC = NO;
				GCC_NO_COMMON_BLOCKS = YES;
				GCC_OPTIMIZATION_LEVEL = 0;
				GCC_PREPROCESSOR_DEFINITIONS = (
					"DEBUG=1",
					"$(inherited)",
				);
				GCC_WARN_64_TO_32_BIT_CONVERSION = YES;
				GCC_WARN_ABOUT_RETURN_TYPE = YES_ERROR;
				GCC_WARN_UNDECLARED_SELECTOR = YES;
				GCC_WARN_UNINITIALIZED_AUTOS = YES_AGGRESSIVE;
				GCC_WARN_UNUSED_FUNCTION = YES;
				GCC_WARN_UNUSED_VARIABLE = YES;
				IPHONEOS_DEPLOYMENT_TARGET = 16.0;
				MTL_ENABLE_DEBUG_INFO = INCLUDE_SOURCE;
				MTL_FAST_MATH = YES;
				ONLY_ACTIVE_ARCH = YES;
				SDKROOT = iphoneos;
				SWIFT_ACTIVE_COMPILATION_CONDITIONS = DEBUG;
				SWIFT_OPTIMIZATION_LEVEL = "-Onone";
			};
			name = Debug;
		};
		92D7D6762296F298009321AE /* Release */ = {
			isa = XCBuildConfiguration;
			buildSettings = {
				ALWAYS_SEARCH_USER_PATHS = NO;
				CLANG_ANALYZER_NONNULL = YES;
				CLANG_ANALYZER_NUMBER_OBJECT_CONVERSION = YES_AGGRESSIVE;
				CLANG_CXX_LANGUAGE_STANDARD = "gnu++14";
				CLANG_CXX_LIBRARY = "libc++";
				CLANG_ENABLE_MODULES = YES;
				CLANG_ENABLE_OBJC_ARC = YES;
				CLANG_ENABLE_OBJC_WEAK = YES;
				CLANG_WARN_BLOCK_CAPTURE_AUTORELEASING = YES;
				CLANG_WARN_BOOL_CONVERSION = YES;
				CLANG_WARN_COMMA = YES;
				CLANG_WARN_CONSTANT_CONVERSION = YES;
				CLANG_WARN_DEPRECATED_OBJC_IMPLEMENTATIONS = YES;
				CLANG_WARN_DIRECT_OBJC_ISA_USAGE = YES_ERROR;
				CLANG_WARN_DOCUMENTATION_COMMENTS = YES;
				CLANG_WARN_EMPTY_BODY = YES;
				CLANG_WARN_ENUM_CONVERSION = YES;
				CLANG_WARN_INFINITE_RECURSION = YES;
				CLANG_WARN_INT_CONVERSION = YES;
				CLANG_WARN_NON_LITERAL_NULL_CONVERSION = YES;
				CLANG_WARN_OBJC_IMPLICIT_RETAIN_SELF = YES;
				CLANG_WARN_OBJC_LITERAL_CONVERSION = YES;
				CLANG_WARN_OBJC_ROOT_CLASS = YES_ERROR;
				CLANG_WARN_QUOTED_INCLUDE_IN_FRAMEWORK_HEADER = YES;
				CLANG_WARN_RANGE_LOOP_ANALYSIS = YES;
				CLANG_WARN_STRICT_PROTOTYPES = YES;
				CLANG_WARN_SUSPICIOUS_MOVE = YES;
				CLANG_WARN_UNGUARDED_AVAILABILITY = YES_AGGRESSIVE;
				CLANG_WARN_UNREACHABLE_CODE = YES;
				CLANG_WARN__DUPLICATE_METHOD_MATCH = YES;
				CODE_SIGN_IDENTITY = "iPhone Developer";
				COPY_PHASE_STRIP = NO;
				DEBUG_INFORMATION_FORMAT = "dwarf-with-dsym";
				ENABLE_NS_ASSERTIONS = NO;
				ENABLE_STRICT_OBJC_MSGSEND = YES;
				GCC_C_LANGUAGE_STANDARD = gnu11;
				GCC_NO_COMMON_BLOCKS = YES;
				GCC_WARN_64_TO_32_BIT_CONVERSION = YES;
				GCC_WARN_ABOUT_RETURN_TYPE = YES_ERROR;
				GCC_WARN_UNDECLARED_SELECTOR = YES;
				GCC_WARN_UNINITIALIZED_AUTOS = YES_AGGRESSIVE;
				GCC_WARN_UNUSED_FUNCTION = YES;
				GCC_WARN_UNUSED_VARIABLE = YES;
				IPHONEOS_DEPLOYMENT_TARGET = 16.0;
				MTL_ENABLE_DEBUG_INFO = NO;
				MTL_FAST_MATH = YES;
				SDKROOT = iphoneos;
				SWIFT_COMPILATION_MODE = wholemodule;
				SWIFT_OPTIMIZATION_LEVEL = "-O";
				VALIDATE_PRODUCT = YES;
			};
			name = Release;
		};
		92D7D6782296F298009321AE /* Debug */ = {
			isa = XCBuildConfiguration;
			buildSettings = {
				ASSETCATALOG_COMPILER_APPICON_NAME = AppIcon;
				CODE_SIGN_ENTITLEMENTS = Rise/Rise.entitlements;
				CODE_SIGN_IDENTITY = "Apple Development";
				CODE_SIGN_STYLE = Automatic;
				CURRENT_PROJECT_VERSION = 1;
				DEVELOPMENT_TEAM = 29UN6WTSCZ;
				INFOPLIST_FILE = "$(SRCROOT)/Rise/Resources/Info.plist";
				IPHONEOS_DEPLOYMENT_TARGET = 16.0;
				LD_RUNPATH_SEARCH_PATHS = (
					"$(inherited)",
					"@executable_path/Frameworks",
				);
				MARKETING_VERSION = 1.0;
				PRODUCT_BUNDLE_IDENTIFIER = com.vladimirkorolev.rise;
				PRODUCT_NAME = "$(TARGET_NAME)";
				PROVISIONING_PROFILE_SPECIFIER = "";
				SWIFT_SWIFT3_OBJC_INFERENCE = Default;
				SWIFT_VERSION = 5.0;
				TARGETED_DEVICE_FAMILY = 1;
			};
			name = Debug;
		};
		92D7D6792296F298009321AE /* Release */ = {
			isa = XCBuildConfiguration;
			buildSettings = {
				ASSETCATALOG_COMPILER_APPICON_NAME = AppIcon;
				CODE_SIGN_ENTITLEMENTS = Rise/Rise.entitlements;
				CODE_SIGN_IDENTITY = "Apple Development";
				CODE_SIGN_STYLE = Automatic;
				CURRENT_PROJECT_VERSION = 1;
				DEVELOPMENT_TEAM = 29UN6WTSCZ;
				INFOPLIST_FILE = "$(SRCROOT)/Rise/Resources/Info.plist";
				IPHONEOS_DEPLOYMENT_TARGET = 16.0;
				LD_RUNPATH_SEARCH_PATHS = (
					"$(inherited)",
					"@executable_path/Frameworks",
				);
				MARKETING_VERSION = 1.0;
				PRODUCT_BUNDLE_IDENTIFIER = com.vladimirkorolev.rise;
				PRODUCT_NAME = "$(TARGET_NAME)";
				PROVISIONING_PROFILE_SPECIFIER = "";
				SWIFT_SWIFT3_OBJC_INFERENCE = Default;
				SWIFT_VERSION = 5.0;
				TARGETED_DEVICE_FAMILY = 1;
			};
			name = Release;
		};
/* End XCBuildConfiguration section */

/* Begin XCConfigurationList section */
		92D7D64A2296F297009321AE /* Build configuration list for PBXProject "Rise" */ = {
			isa = XCConfigurationList;
			buildConfigurations = (
				92D7D6752296F298009321AE /* Debug */,
				92D7D6762296F298009321AE /* Release */,
			);
			defaultConfigurationIsVisible = 0;
			defaultConfigurationName = Release;
		};
		92D7D6772296F298009321AE /* Build configuration list for PBXNativeTarget "Rise" */ = {
			isa = XCConfigurationList;
			buildConfigurations = (
				92D7D6782296F298009321AE /* Debug */,
				92D7D6792296F298009321AE /* Release */,
			);
			defaultConfigurationIsVisible = 0;
			defaultConfigurationName = Release;
		};
/* End XCConfigurationList section */

/* Begin XCRemoteSwiftPackageReference section */
		7E1539812749B09100CC2E7B /* XCRemoteSwiftPackageReference "SelectableStackView" */ = {
			isa = XCRemoteSwiftPackageReference;
			repositoryURL = "https://github.com/VladimirBrejcha/SelectableStackView";
			requirement = {
				kind = upToNextMajorVersion;
				minimumVersion = 1.0.0;
			};
		};
		7E5A1E97282FA507005F19D6 /* XCRemoteSwiftPackageReference "LoadingView" */ = {
			isa = XCRemoteSwiftPackageReference;
			repositoryURL = "https://github.com/VladimirBrejcha/LoadingView";
			requirement = {
				kind = upToNextMajorVersion;
				minimumVersion = 1.0.0;
			};
		};
/* End XCRemoteSwiftPackageReference section */

/* Begin XCSwiftPackageProductDependency section */
		7E3414BD28426F6900725580 /* SelectableStackView */ = {
			isa = XCSwiftPackageProductDependency;
			package = 7E1539812749B09100CC2E7B /* XCRemoteSwiftPackageReference "SelectableStackView" */;
			productName = SelectableStackView;
		};
		7E3414BF28426F6900725580 /* LoadingView */ = {
			isa = XCSwiftPackageProductDependency;
			package = 7E5A1E97282FA507005F19D6 /* XCRemoteSwiftPackageReference "LoadingView" */;
			productName = LoadingView;
		};
		92695F1928831EB800D382C2 /* Core */ = {
			isa = XCSwiftPackageProductDependency;
			productName = Core;
		};
		92695F1C2883267C00D382C2 /* DataLayer */ = {
			isa = XCSwiftPackageProductDependency;
			productName = DataLayer;
		};
		92D1FD7E28833A3E008B8EC0 /* DomainLayer */ = {
			isa = XCSwiftPackageProductDependency;
			productName = DomainLayer;
		};
		92FE417928833DE700F328DB /* Localization */ = {
			isa = XCSwiftPackageProductDependency;
			productName = Localization;
		};
/* End XCSwiftPackageProductDependency section */
	};
	rootObject = 92D7D6472296F297009321AE /* Project object */;
}
