// !$*UTF8*$!
{
	archiveVersion = 1;
	classes = {
	};
	objectVersion = 51;
	objects = {

/* Begin PBXBuildFile section */
		7E0A8F3C231F04BA0036105C /* DatesManager.swift in Sources */ = {isa = PBXBuildFile; fileRef = 7E0A8F3B231F04BA0036105C /* DatesManager.swift */; };
		7E1F3AA3231D98FC00F60577 /* JSONParser.swift in Sources */ = {isa = PBXBuildFile; fileRef = 7E1F3AA2231D98FC00F60577 /* JSONParser.swift */; };
		7E31497D23425CA600941606 /* TableViewDataSource.swift in Sources */ = {isa = PBXBuildFile; fileRef = 7E31497C23425CA600941606 /* TableViewDataSource.swift */; };
		7E31497F23425D3700941606 /* SetupPlanDataSource.swift in Sources */ = {isa = PBXBuildFile; fileRef = 7E31497E23425D3700941606 /* SetupPlanDataSource.swift */; };
		7E4198212323CA7F007867AB /* TodayCollectionViewCell.swift in Sources */ = {isa = PBXBuildFile; fileRef = 7E41981F2323CA7F007867AB /* TodayCollectionViewCell.swift */; };
		7E4198222323CA7F007867AB /* TodayCollectionViewCell.xib in Resources */ = {isa = PBXBuildFile; fileRef = 7E4198202323CA7F007867AB /* TodayCollectionViewCell.xib */; };
		7E41982423254C36007867AB /* SegmentedControlView.swift in Sources */ = {isa = PBXBuildFile; fileRef = 7E41982323254C36007867AB /* SegmentedControlView.swift */; };
		7E41982623254F1A007867AB /* SegmentedControlButton.swift in Sources */ = {isa = PBXBuildFile; fileRef = 7E41982523254F1A007867AB /* SegmentedControlButton.swift */; };
		7E4901862340DD810034521E /* PersonalPlanData.xcdatamodeld in Sources */ = {isa = PBXBuildFile; fileRef = 7E4901842340DD810034521E /* PersonalPlanData.xcdatamodeld */; };
		7E695A34234A675F0098213D /* CollectionViewDataSource.swift in Sources */ = {isa = PBXBuildFile; fileRef = 7E695A33234A675F0098213D /* CollectionViewDataSource.swift */; };
		7E7413BC2349069500BF4416 /* AnimatedLoadingView.swift in Sources */ = {isa = PBXBuildFile; fileRef = 7E7413BB2349069500BF4416 /* AnimatedLoadingView.swift */; };
		7E8C6B982350FB9C0086162F /* TableView.swift in Sources */ = {isa = PBXBuildFile; fileRef = 7E8C6B972350FB9C0086162F /* TableView.swift */; };
		7E98FE5E231C2EAD0065FB09 /* WelcomeButtonViewController.swift in Sources */ = {isa = PBXBuildFile; fileRef = 7E98FE5D231C2EAD0065FB09 /* WelcomeButtonViewController.swift */; };
		7E98FE61231C2F340065FB09 /* LocationManager.swift in Sources */ = {isa = PBXBuildFile; fileRef = 7E98FE60231C2F340065FB09 /* LocationManager.swift */; };
		7E98FE63231C2F8C0065FB09 /* LocationModel.swift in Sources */ = {isa = PBXBuildFile; fileRef = 7E98FE62231C2F8C0065FB09 /* LocationModel.swift */; };
		7E98FE65231C30C10065FB09 /* UIHelper.swift in Sources */ = {isa = PBXBuildFile; fileRef = 7E98FE64231C30C10065FB09 /* UIHelper.swift */; };
		7E98FE67231C3D5C0065FB09 /* UserDefaultsManager.swift in Sources */ = {isa = PBXBuildFile; fileRef = 7E98FE66231C3D5C0065FB09 /* UserDefaultsManager.swift */; };
		7E98FE6A231C481D0065FB09 /* WelcomePageViewController.swift in Sources */ = {isa = PBXBuildFile; fileRef = 7E98FE69231C481D0065FB09 /* WelcomePageViewController.swift */; };
		7E98FE6C231C482B0065FB09 /* LocationPermissionsViewController.swift in Sources */ = {isa = PBXBuildFile; fileRef = 7E98FE6B231C482B0065FB09 /* LocationPermissionsViewController.swift */; };
		7E98FE70231C49360065FB09 /* DataBaseManager.swift in Sources */ = {isa = PBXBuildFile; fileRef = 7E98FE6F231C49360065FB09 /* DataBaseManager.swift */; };
		7E98FE72231D973B0065FB09 /* NetworkManager.swift in Sources */ = {isa = PBXBuildFile; fileRef = 7E98FE71231D973B0065FB09 /* NetworkManager.swift */; };
		7EA0924222C8CF820019F2E9 /* CustomTransition.swift in Sources */ = {isa = PBXBuildFile; fileRef = 7EA0924122C8CF820019F2E9 /* CustomTransition.swift */; };
		7EB1C0332340F9550028237E /* PersonalPlanViewController.swift in Sources */ = {isa = PBXBuildFile; fileRef = 7EE939162340F68800FE9954 /* PersonalPlanViewController.swift */; };
		7EB1C0372340FC6B0028237E /* PersonalPlanModel.swift in Sources */ = {isa = PBXBuildFile; fileRef = 7EB1C0362340FC6B0028237E /* PersonalPlanModel.swift */; };
		7EB1C0392340FDB00028237E /* SetupPlanPresenter.swift in Sources */ = {isa = PBXBuildFile; fileRef = 7EB1C0382340FDB00028237E /* SetupPlanPresenter.swift */; };
		7EB1C03B23411FFD0028237E /* PersonalPlanPresenter.swift in Sources */ = {isa = PBXBuildFile; fileRef = 7EB1C03A23411FFD0028237E /* PersonalPlanPresenter.swift */; };
		7EB1C03D23412A9C0028237E /* PersonalPlanHelper.swift in Sources */ = {isa = PBXBuildFile; fileRef = 7EB1C03C23412A9C0028237E /* PersonalPlanHelper.swift */; };
		7EB1C03F23412AAA0028237E /* PersonalPlanBuilder.swift in Sources */ = {isa = PBXBuildFile; fileRef = 7EB1C03E23412AAA0028237E /* PersonalPlanBuilder.swift */; };
		7EB2694E234E5816008AEB3D /* RisePersonalPlan+CoreDataClass.swift in Sources */ = {isa = PBXBuildFile; fileRef = 7EB2694C234E5816008AEB3D /* RisePersonalPlan+CoreDataClass.swift */; };
		7EB26951234F9972008AEB3D /* NibLoadable.swift in Sources */ = {isa = PBXBuildFile; fileRef = 7EB26950234F9972008AEB3D /* NibLoadable.swift */; };
		7EB26953234F99AE008AEB3D /* Button.swift in Sources */ = {isa = PBXBuildFile; fileRef = 7EB26952234F99AE008AEB3D /* Button.swift */; };
		7EB26957234FA6EB008AEB3D /* LoadingView.swift in Sources */ = {isa = PBXBuildFile; fileRef = 7EB26956234FA6EB008AEB3D /* LoadingView.swift */; };
		7EB26959234FA6F7008AEB3D /* LoadingView.xib in Resources */ = {isa = PBXBuildFile; fileRef = 7EB26958234FA6F7008AEB3D /* LoadingView.xib */; };
		7EB9003E23256AC9006EB9A8 /* DesignableContainerView.swift in Sources */ = {isa = PBXBuildFile; fileRef = 7EB9003D23256AC9006EB9A8 /* DesignableContainerView.swift */; };
		7EB9004023256BF3006EB9A8 /* CollectionViewWithSegmentedControl.swift in Sources */ = {isa = PBXBuildFile; fileRef = 7EB9003F23256BF3006EB9A8 /* CollectionViewWithSegmentedControl.swift */; };
		7EB9004423298902006EB9A8 /* ProgressTableViewCell.swift in Sources */ = {isa = PBXBuildFile; fileRef = 7EB9004223298902006EB9A8 /* ProgressTableViewCell.swift */; };
		7EB9004523298902006EB9A8 /* ProgressTableViewCell.xib in Resources */ = {isa = PBXBuildFile; fileRef = 7EB9004323298902006EB9A8 /* ProgressTableViewCell.xib */; };
		7EB90047232AB9EB006EB9A8 /* ProgressBar.swift in Sources */ = {isa = PBXBuildFile; fileRef = 7EB90046232AB9EB006EB9A8 /* ProgressBar.swift */; };
		7ED962AC2336334A00CD2408 /* AnimationManager.swift in Sources */ = {isa = PBXBuildFile; fileRef = 7ED962AB2336334A00CD2408 /* AnimationManager.swift */; };
		7ED962AF2336649E00CD2408 /* PlanInfoTableViewCell.swift in Sources */ = {isa = PBXBuildFile; fileRef = 7ED962AD2336649E00CD2408 /* PlanInfoTableViewCell.swift */; };
		7ED962B02336649E00CD2408 /* PlanInfoTableViewCell.xib in Resources */ = {isa = PBXBuildFile; fileRef = 7ED962AE2336649E00CD2408 /* PlanInfoTableViewCell.xib */; };
		922032EA22998F3D0006F92B /* SetupPlanTableViewController.swift in Sources */ = {isa = PBXBuildFile; fileRef = 922032E922998F3D0006F92B /* SetupPlanTableViewController.swift */; };
		922032F0229BF2890006F92B /* Constants.swift in Sources */ = {isa = PBXBuildFile; fileRef = 922032EF229BF2890006F92B /* Constants.swift */; };
		92B78CFA229FAF6C0087240B /* SectionedTableViewCell.swift in Sources */ = {isa = PBXBuildFile; fileRef = 92B78CF8229FAF6C0087240B /* SectionedTableViewCell.swift */; };
		92B78CFB229FAF6C0087240B /* SectionedTableViewCell.xib in Resources */ = {isa = PBXBuildFile; fileRef = 92B78CF9229FAF6C0087240B /* SectionedTableViewCell.xib */; };
		92BC919422AB24D800BB1D19 /* GradientManager.swift in Sources */ = {isa = PBXBuildFile; fileRef = 92BC919322AB24D800BB1D19 /* GradientManager.swift */; };
		92D12FD622A4045E0093B0A3 /* PickerDataModel.swift in Sources */ = {isa = PBXBuildFile; fileRef = 92D12FD522A4045E0093B0A3 /* PickerDataModel.swift */; };
		92D12FDD22A44B3B0093B0A3 /* CustomTabBarController.swift in Sources */ = {isa = PBXBuildFile; fileRef = 92D12FDC22A44B3B0093B0A3 /* CustomTabBarController.swift */; };
		92D41C2622AC04DF00706CD3 /* ArrayManager.swift in Sources */ = {isa = PBXBuildFile; fileRef = 92D41C2522AC04DF00706CD3 /* ArrayManager.swift */; };
		92D41C2F22AC345C00706CD3 /* PersonalTimeCalculator.swift in Sources */ = {isa = PBXBuildFile; fileRef = 92D41C2E22AC345C00706CD3 /* PersonalTimeCalculator.swift */; };
		92D41C3322AC395C00706CD3 /* PersonalTimeModel.swift in Sources */ = {isa = PBXBuildFile; fileRef = 92D41C3222AC395C00706CD3 /* PersonalTimeModel.swift */; };
		92D41C3722AD6D5E00706CD3 /* CustomDateFormatter.swift in Sources */ = {isa = PBXBuildFile; fileRef = 92D41C3622AD6D5E00706CD3 /* CustomDateFormatter.swift */; };
		92D7D6532296F297009321AE /* AppDelegate.swift in Sources */ = {isa = PBXBuildFile; fileRef = 92D7D6522296F297009321AE /* AppDelegate.swift */; };
		92D7D6552296F297009321AE /* SleepViewController.swift in Sources */ = {isa = PBXBuildFile; fileRef = 92D7D6542296F297009321AE /* SleepViewController.swift */; };
		92D7D6582296F297009321AE /* Main.storyboard in Resources */ = {isa = PBXBuildFile; fileRef = 92D7D6562296F297009321AE /* Main.storyboard */; };
		92D7D65A2296F298009321AE /* Assets.xcassets in Resources */ = {isa = PBXBuildFile; fileRef = 92D7D6592296F298009321AE /* Assets.xcassets */; };
		92D7D65D2296F298009321AE /* LaunchScreen.storyboard in Resources */ = {isa = PBXBuildFile; fileRef = 92D7D65B2296F298009321AE /* LaunchScreen.storyboard */; };
		92D7D6682296F298009321AE /* RiseTests.swift in Sources */ = {isa = PBXBuildFile; fileRef = 92D7D6672296F298009321AE /* RiseTests.swift */; };
		92D7D6732296F298009321AE /* RiseUITests.swift in Sources */ = {isa = PBXBuildFile; fileRef = 92D7D6722296F298009321AE /* RiseUITests.swift */; };
		92E77AF822A5303400E5E21C /* SettingsViewController.swift in Sources */ = {isa = PBXBuildFile; fileRef = 92E77AF722A5303400E5E21C /* SettingsViewController.swift */; };
		92E77AFA22A5304400E5E21C /* MainScreenViewController.swift in Sources */ = {isa = PBXBuildFile; fileRef = 92E77AF922A5304400E5E21C /* MainScreenViewController.swift */; };
/* End PBXBuildFile section */

/* Begin PBXContainerItemProxy section */
		92D7D6642296F298009321AE /* PBXContainerItemProxy */ = {
			isa = PBXContainerItemProxy;
			containerPortal = 92D7D6472296F297009321AE /* Project object */;
			proxyType = 1;
			remoteGlobalIDString = 92D7D64E2296F297009321AE;
			remoteInfo = Rise;
		};
		92D7D66F2296F298009321AE /* PBXContainerItemProxy */ = {
			isa = PBXContainerItemProxy;
			containerPortal = 92D7D6472296F297009321AE /* Project object */;
			proxyType = 1;
			remoteGlobalIDString = 92D7D64E2296F297009321AE;
			remoteInfo = Rise;
		};
/* End PBXContainerItemProxy section */

/* Begin PBXFileReference section */
		7E0A8F3B231F04BA0036105C /* DatesManager.swift */ = {isa = PBXFileReference; lastKnownFileType = sourcecode.swift; path = DatesManager.swift; sourceTree = "<group>"; };
		7E1F3AA2231D98FC00F60577 /* JSONParser.swift */ = {isa = PBXFileReference; lastKnownFileType = sourcecode.swift; path = JSONParser.swift; sourceTree = "<group>"; };
		7E31497C23425CA600941606 /* TableViewDataSource.swift */ = {isa = PBXFileReference; lastKnownFileType = sourcecode.swift; path = TableViewDataSource.swift; sourceTree = "<group>"; };
		7E31497E23425D3700941606 /* SetupPlanDataSource.swift */ = {isa = PBXFileReference; lastKnownFileType = sourcecode.swift; path = SetupPlanDataSource.swift; sourceTree = "<group>"; };
		7E41981F2323CA7F007867AB /* TodayCollectionViewCell.swift */ = {isa = PBXFileReference; lastKnownFileType = sourcecode.swift; path = TodayCollectionViewCell.swift; sourceTree = "<group>"; };
		7E4198202323CA7F007867AB /* TodayCollectionViewCell.xib */ = {isa = PBXFileReference; lastKnownFileType = file.xib; path = TodayCollectionViewCell.xib; sourceTree = "<group>"; };
		7E41982323254C36007867AB /* SegmentedControlView.swift */ = {isa = PBXFileReference; lastKnownFileType = sourcecode.swift; path = SegmentedControlView.swift; sourceTree = "<group>"; };
		7E41982523254F1A007867AB /* SegmentedControlButton.swift */ = {isa = PBXFileReference; lastKnownFileType = sourcecode.swift; path = SegmentedControlButton.swift; sourceTree = "<group>"; };
		7E4901852340DD810034521E /* PersonalPlanData.xcdatamodel */ = {isa = PBXFileReference; lastKnownFileType = wrapper.xcdatamodel; path = PersonalPlanData.xcdatamodel; sourceTree = "<group>"; };
		7E695A33234A675F0098213D /* CollectionViewDataSource.swift */ = {isa = PBXFileReference; lastKnownFileType = sourcecode.swift; path = CollectionViewDataSource.swift; sourceTree = "<group>"; };
		7E7413BB2349069500BF4416 /* AnimatedLoadingView.swift */ = {isa = PBXFileReference; lastKnownFileType = sourcecode.swift; path = AnimatedLoadingView.swift; sourceTree = "<group>"; };
		7E8C6B972350FB9C0086162F /* TableView.swift */ = {isa = PBXFileReference; lastKnownFileType = sourcecode.swift; path = TableView.swift; sourceTree = "<group>"; };
		7E98FE5D231C2EAD0065FB09 /* WelcomeButtonViewController.swift */ = {isa = PBXFileReference; lastKnownFileType = sourcecode.swift; path = WelcomeButtonViewController.swift; sourceTree = "<group>"; };
		7E98FE60231C2F340065FB09 /* LocationManager.swift */ = {isa = PBXFileReference; lastKnownFileType = sourcecode.swift; path = LocationManager.swift; sourceTree = "<group>"; };
		7E98FE62231C2F8C0065FB09 /* LocationModel.swift */ = {isa = PBXFileReference; lastKnownFileType = sourcecode.swift; path = LocationModel.swift; sourceTree = "<group>"; };
		7E98FE64231C30C10065FB09 /* UIHelper.swift */ = {isa = PBXFileReference; lastKnownFileType = sourcecode.swift; path = UIHelper.swift; sourceTree = "<group>"; };
		7E98FE66231C3D5C0065FB09 /* UserDefaultsManager.swift */ = {isa = PBXFileReference; lastKnownFileType = sourcecode.swift; path = UserDefaultsManager.swift; sourceTree = "<group>"; };
		7E98FE69231C481D0065FB09 /* WelcomePageViewController.swift */ = {isa = PBXFileReference; fileEncoding = 4; lastKnownFileType = sourcecode.swift; path = WelcomePageViewController.swift; sourceTree = "<group>"; };
		7E98FE6B231C482B0065FB09 /* LocationPermissionsViewController.swift */ = {isa = PBXFileReference; fileEncoding = 4; lastKnownFileType = sourcecode.swift; path = LocationPermissionsViewController.swift; sourceTree = "<group>"; };
		7E98FE6F231C49360065FB09 /* DataBaseManager.swift */ = {isa = PBXFileReference; fileEncoding = 4; lastKnownFileType = sourcecode.swift; path = DataBaseManager.swift; sourceTree = "<group>"; };
		7E98FE71231D973B0065FB09 /* NetworkManager.swift */ = {isa = PBXFileReference; lastKnownFileType = sourcecode.swift; path = NetworkManager.swift; sourceTree = "<group>"; };
		7EA0924122C8CF820019F2E9 /* CustomTransition.swift */ = {isa = PBXFileReference; lastKnownFileType = sourcecode.swift; path = CustomTransition.swift; sourceTree = "<group>"; };
		7EB1C0362340FC6B0028237E /* PersonalPlanModel.swift */ = {isa = PBXFileReference; lastKnownFileType = sourcecode.swift; path = PersonalPlanModel.swift; sourceTree = "<group>"; };
		7EB1C0382340FDB00028237E /* SetupPlanPresenter.swift */ = {isa = PBXFileReference; lastKnownFileType = sourcecode.swift; path = SetupPlanPresenter.swift; sourceTree = "<group>"; };
		7EB1C03A23411FFD0028237E /* PersonalPlanPresenter.swift */ = {isa = PBXFileReference; lastKnownFileType = sourcecode.swift; path = PersonalPlanPresenter.swift; sourceTree = "<group>"; };
		7EB1C03C23412A9C0028237E /* PersonalPlanHelper.swift */ = {isa = PBXFileReference; lastKnownFileType = sourcecode.swift; path = PersonalPlanHelper.swift; sourceTree = "<group>"; };
		7EB1C03E23412AAA0028237E /* PersonalPlanBuilder.swift */ = {isa = PBXFileReference; lastKnownFileType = sourcecode.swift; path = PersonalPlanBuilder.swift; sourceTree = "<group>"; };
		7EB2694C234E5816008AEB3D /* RisePersonalPlan+CoreDataClass.swift */ = {isa = PBXFileReference; lastKnownFileType = sourcecode.swift; name = "RisePersonalPlan+CoreDataClass.swift"; path = "/Users/vladimirbrejcha/Desktop/Projects/RiseApp/Rise/Rise/DataManaging/Local/RisePersonalPlan+CoreDataClass.swift"; sourceTree = "<absolute>"; };
		7EB26950234F9972008AEB3D /* NibLoadable.swift */ = {isa = PBXFileReference; lastKnownFileType = sourcecode.swift; path = NibLoadable.swift; sourceTree = "<group>"; };
		7EB26952234F99AE008AEB3D /* Button.swift */ = {isa = PBXFileReference; lastKnownFileType = sourcecode.swift; path = Button.swift; sourceTree = "<group>"; };
		7EB26956234FA6EB008AEB3D /* LoadingView.swift */ = {isa = PBXFileReference; lastKnownFileType = sourcecode.swift; path = LoadingView.swift; sourceTree = "<group>"; };
		7EB26958234FA6F7008AEB3D /* LoadingView.xib */ = {isa = PBXFileReference; lastKnownFileType = file.xib; path = LoadingView.xib; sourceTree = "<group>"; };
		7EB9003D23256AC9006EB9A8 /* DesignableContainerView.swift */ = {isa = PBXFileReference; lastKnownFileType = sourcecode.swift; path = DesignableContainerView.swift; sourceTree = "<group>"; };
		7EB9003F23256BF3006EB9A8 /* CollectionViewWithSegmentedControl.swift */ = {isa = PBXFileReference; lastKnownFileType = sourcecode.swift; path = CollectionViewWithSegmentedControl.swift; sourceTree = "<group>"; };
		7EB9004223298902006EB9A8 /* ProgressTableViewCell.swift */ = {isa = PBXFileReference; lastKnownFileType = sourcecode.swift; path = ProgressTableViewCell.swift; sourceTree = "<group>"; };
		7EB9004323298902006EB9A8 /* ProgressTableViewCell.xib */ = {isa = PBXFileReference; lastKnownFileType = file.xib; path = ProgressTableViewCell.xib; sourceTree = "<group>"; };
		7EB90046232AB9EB006EB9A8 /* ProgressBar.swift */ = {isa = PBXFileReference; lastKnownFileType = sourcecode.swift; path = ProgressBar.swift; sourceTree = "<group>"; };
		7ED962AB2336334A00CD2408 /* AnimationManager.swift */ = {isa = PBXFileReference; lastKnownFileType = sourcecode.swift; path = AnimationManager.swift; sourceTree = "<group>"; };
		7ED962AD2336649E00CD2408 /* PlanInfoTableViewCell.swift */ = {isa = PBXFileReference; lastKnownFileType = sourcecode.swift; path = PlanInfoTableViewCell.swift; sourceTree = "<group>"; };
		7ED962AE2336649E00CD2408 /* PlanInfoTableViewCell.xib */ = {isa = PBXFileReference; lastKnownFileType = file.xib; path = PlanInfoTableViewCell.xib; sourceTree = "<group>"; };
		7EE939162340F68800FE9954 /* PersonalPlanViewController.swift */ = {isa = PBXFileReference; fileEncoding = 4; lastKnownFileType = sourcecode.swift; path = PersonalPlanViewController.swift; sourceTree = "<group>"; };
		922032E922998F3D0006F92B /* SetupPlanTableViewController.swift */ = {isa = PBXFileReference; lastKnownFileType = sourcecode.swift; path = SetupPlanTableViewController.swift; sourceTree = "<group>"; };
		922032EF229BF2890006F92B /* Constants.swift */ = {isa = PBXFileReference; lastKnownFileType = sourcecode.swift; path = Constants.swift; sourceTree = "<group>"; };
		92B78CF8229FAF6C0087240B /* SectionedTableViewCell.swift */ = {isa = PBXFileReference; lastKnownFileType = sourcecode.swift; path = SectionedTableViewCell.swift; sourceTree = "<group>"; };
		92B78CF9229FAF6C0087240B /* SectionedTableViewCell.xib */ = {isa = PBXFileReference; lastKnownFileType = file.xib; path = SectionedTableViewCell.xib; sourceTree = "<group>"; };
		92BC919322AB24D800BB1D19 /* GradientManager.swift */ = {isa = PBXFileReference; lastKnownFileType = sourcecode.swift; path = GradientManager.swift; sourceTree = "<group>"; };
		92D12FD522A4045E0093B0A3 /* PickerDataModel.swift */ = {isa = PBXFileReference; lastKnownFileType = sourcecode.swift; path = PickerDataModel.swift; sourceTree = "<group>"; };
		92D12FDC22A44B3B0093B0A3 /* CustomTabBarController.swift */ = {isa = PBXFileReference; lastKnownFileType = sourcecode.swift; path = CustomTabBarController.swift; sourceTree = "<group>"; };
		92D41C2522AC04DF00706CD3 /* ArrayManager.swift */ = {isa = PBXFileReference; lastKnownFileType = sourcecode.swift; path = ArrayManager.swift; sourceTree = "<group>"; };
		92D41C2E22AC345C00706CD3 /* PersonalTimeCalculator.swift */ = {isa = PBXFileReference; lastKnownFileType = sourcecode.swift; path = PersonalTimeCalculator.swift; sourceTree = "<group>"; };
		92D41C3222AC395C00706CD3 /* PersonalTimeModel.swift */ = {isa = PBXFileReference; lastKnownFileType = sourcecode.swift; path = PersonalTimeModel.swift; sourceTree = "<group>"; };
		92D41C3622AD6D5E00706CD3 /* CustomDateFormatter.swift */ = {isa = PBXFileReference; lastKnownFileType = sourcecode.swift; path = CustomDateFormatter.swift; sourceTree = "<group>"; };
		92D7D64F2296F297009321AE /* Rise.app */ = {isa = PBXFileReference; explicitFileType = wrapper.application; includeInIndex = 0; path = Rise.app; sourceTree = BUILT_PRODUCTS_DIR; };
		92D7D6522296F297009321AE /* AppDelegate.swift */ = {isa = PBXFileReference; lastKnownFileType = sourcecode.swift; path = AppDelegate.swift; sourceTree = "<group>"; };
		92D7D6542296F297009321AE /* SleepViewController.swift */ = {isa = PBXFileReference; lastKnownFileType = sourcecode.swift; path = SleepViewController.swift; sourceTree = "<group>"; };
		92D7D6572296F297009321AE /* Base */ = {isa = PBXFileReference; lastKnownFileType = file.storyboard; name = Base; path = Base.lproj/Main.storyboard; sourceTree = "<group>"; };
		92D7D6592296F298009321AE /* Assets.xcassets */ = {isa = PBXFileReference; lastKnownFileType = folder.assetcatalog; path = Assets.xcassets; sourceTree = "<group>"; };
		92D7D65C2296F298009321AE /* Base */ = {isa = PBXFileReference; lastKnownFileType = file.storyboard; name = Base; path = Base.lproj/LaunchScreen.storyboard; sourceTree = "<group>"; };
		92D7D65E2296F298009321AE /* Info.plist */ = {isa = PBXFileReference; lastKnownFileType = text.plist.xml; path = Info.plist; sourceTree = "<group>"; };
		92D7D6632296F298009321AE /* RiseTests.xctest */ = {isa = PBXFileReference; explicitFileType = wrapper.cfbundle; includeInIndex = 0; path = RiseTests.xctest; sourceTree = BUILT_PRODUCTS_DIR; };
		92D7D6672296F298009321AE /* RiseTests.swift */ = {isa = PBXFileReference; lastKnownFileType = sourcecode.swift; path = RiseTests.swift; sourceTree = "<group>"; };
		92D7D6692296F298009321AE /* Info.plist */ = {isa = PBXFileReference; lastKnownFileType = text.plist.xml; path = Info.plist; sourceTree = "<group>"; };
		92D7D66E2296F298009321AE /* RiseUITests.xctest */ = {isa = PBXFileReference; explicitFileType = wrapper.cfbundle; includeInIndex = 0; path = RiseUITests.xctest; sourceTree = BUILT_PRODUCTS_DIR; };
		92D7D6722296F298009321AE /* RiseUITests.swift */ = {isa = PBXFileReference; lastKnownFileType = sourcecode.swift; path = RiseUITests.swift; sourceTree = "<group>"; };
		92D7D6742296F298009321AE /* Info.plist */ = {isa = PBXFileReference; lastKnownFileType = text.plist.xml; path = Info.plist; sourceTree = "<group>"; };
		92E77AF722A5303400E5E21C /* SettingsViewController.swift */ = {isa = PBXFileReference; lastKnownFileType = sourcecode.swift; path = SettingsViewController.swift; sourceTree = "<group>"; };
		92E77AF922A5304400E5E21C /* MainScreenViewController.swift */ = {isa = PBXFileReference; lastKnownFileType = sourcecode.swift; path = MainScreenViewController.swift; sourceTree = "<group>"; };
/* End PBXFileReference section */

/* Begin PBXFrameworksBuildPhase section */
		92D7D64C2296F297009321AE /* Frameworks */ = {
			isa = PBXFrameworksBuildPhase;
			buildActionMask = 2147483647;
			files = (
			);
			runOnlyForDeploymentPostprocessing = 0;
		};
		92D7D6602296F298009321AE /* Frameworks */ = {
			isa = PBXFrameworksBuildPhase;
			buildActionMask = 2147483647;
			files = (
			);
			runOnlyForDeploymentPostprocessing = 0;
		};
		92D7D66B2296F298009321AE /* Frameworks */ = {
			isa = PBXFrameworksBuildPhase;
			buildActionMask = 2147483647;
			files = (
			);
			runOnlyForDeploymentPostprocessing = 0;
		};
/* End PBXFrameworksBuildPhase section */

/* Begin PBXGroup section */
		7E0A8F3A231F03170036105C /* Network */ = {
			isa = PBXGroup;
			children = (
				7E98FE71231D973B0065FB09 /* NetworkManager.swift */,
				7E1F3AA2231D98FC00F60577 /* JSONParser.swift */,
			);
			path = Network;
			sourceTree = "<group>";
		};
		7E4901872340F3970034521E /* Stories */ = {
			isa = PBXGroup;
			children = (
				7EF3EE172340F794003BE978 /* SetupPlanScreen */,
				7E49018B2340F4460034521E /* PersonalPlanScreen */,
				7E98FE5F231C2EEC0065FB09 /* WelcomeScreen */,
				7E4901882340F3BE0034521E /* MainScreen */,
				7E4901892340F3D90034521E /* SleepScreen */,
				7E49018A2340F4190034521E /* SettingsScreen */,
			);
			path = Stories;
			sourceTree = "<group>";
		};
		7E4901882340F3BE0034521E /* MainScreen */ = {
			isa = PBXGroup;
			children = (
				7E41982323254C36007867AB /* SegmentedControlView.swift */,
				7E41982523254F1A007867AB /* SegmentedControlButton.swift */,
				7EB9003F23256BF3006EB9A8 /* CollectionViewWithSegmentedControl.swift */,
				7E0A8F3B231F04BA0036105C /* DatesManager.swift */,
				7EF3EE182340F875003BE978 /* TodayCollectionViewCell */,
				92E77AF922A5304400E5E21C /* MainScreenViewController.swift */,
			);
			path = MainScreen;
			sourceTree = "<group>";
		};
		7E4901892340F3D90034521E /* SleepScreen */ = {
			isa = PBXGroup;
			children = (
				92D7D6542296F297009321AE /* SleepViewController.swift */,
			);
			path = SleepScreen;
			sourceTree = "<group>";
		};
		7E49018A2340F4190034521E /* SettingsScreen */ = {
			isa = PBXGroup;
			children = (
				92E77AF722A5303400E5E21C /* SettingsViewController.swift */,
			);
			path = SettingsScreen;
			sourceTree = "<group>";
		};
		7E49018B2340F4460034521E /* PersonalPlanScreen */ = {
			isa = PBXGroup;
			children = (
				7EE939162340F68800FE9954 /* PersonalPlanViewController.swift */,
				7EB1C03A23411FFD0028237E /* PersonalPlanPresenter.swift */,
				7EB90046232AB9EB006EB9A8 /* ProgressBar.swift */,
				7EE939152340F60B00FE9954 /* ProgressCell */,
				7EE939142340F5F600FE9954 /* PlanInfoCell */,
			);
			path = PersonalPlanScreen;
			sourceTree = "<group>";
		};
		7E98FE5F231C2EEC0065FB09 /* WelcomeScreen */ = {
			isa = PBXGroup;
			children = (
				7E98FE69231C481D0065FB09 /* WelcomePageViewController.swift */,
				7E98FE6B231C482B0065FB09 /* LocationPermissionsViewController.swift */,
				7E98FE5D231C2EAD0065FB09 /* WelcomeButtonViewController.swift */,
			);
			path = WelcomeScreen;
			sourceTree = "<group>";
		};
		7E98FE68231C47890065FB09 /* Location */ = {
			isa = PBXGroup;
			children = (
				7E98FE60231C2F340065FB09 /* LocationManager.swift */,
				7E98FE62231C2F8C0065FB09 /* LocationModel.swift */,
			);
			path = Location;
			sourceTree = "<group>";
		};
		7EB1C0342340FA6E0028237E /* DataManaging */ = {
			isa = PBXGroup;
			children = (
				7EB1C0352340FA9A0028237E /* Local */,
				7E0A8F3A231F03170036105C /* Network */,
			);
			path = DataManaging;
			sourceTree = "<group>";
		};
		7EB1C0352340FA9A0028237E /* Local */ = {
			isa = PBXGroup;
			children = (
				7EB2694C234E5816008AEB3D /* RisePersonalPlan+CoreDataClass.swift */,
				7E4901842340DD810034521E /* PersonalPlanData.xcdatamodeld */,
				7E98FE6F231C49360065FB09 /* DataBaseManager.swift */,
			);
			path = Local;
			sourceTree = "<group>";
		};
		7EB1C04023412AB00028237E /* PersonalPlan */ = {
			isa = PBXGroup;
			children = (
				7EB1C0362340FC6B0028237E /* PersonalPlanModel.swift */,
				7EB1C03E23412AAA0028237E /* PersonalPlanBuilder.swift */,
				7EB1C03C23412A9C0028237E /* PersonalPlanHelper.swift */,
			);
			path = PersonalPlan;
			sourceTree = "<group>";
		};
		7EE939142340F5F600FE9954 /* PlanInfoCell */ = {
			isa = PBXGroup;
			children = (
				7ED962AD2336649E00CD2408 /* PlanInfoTableViewCell.swift */,
				7ED962AE2336649E00CD2408 /* PlanInfoTableViewCell.xib */,
			);
			path = PlanInfoCell;
			sourceTree = "<group>";
		};
		7EE939152340F60B00FE9954 /* ProgressCell */ = {
			isa = PBXGroup;
			children = (
				7EB9004223298902006EB9A8 /* ProgressTableViewCell.swift */,
				7EB9004323298902006EB9A8 /* ProgressTableViewCell.xib */,
			);
			path = ProgressCell;
			sourceTree = "<group>";
		};
		7EF3EE162340F75A003BE978 /* Resources */ = {
			isa = PBXGroup;
			children = (
				922032EF229BF2890006F92B /* Constants.swift */,
				92D7D65E2296F298009321AE /* Info.plist */,
				92D7D65B2296F298009321AE /* LaunchScreen.storyboard */,
				92D7D6592296F298009321AE /* Assets.xcassets */,
			);
			path = Resources;
			sourceTree = "<group>";
		};
		7EF3EE172340F794003BE978 /* SetupPlanScreen */ = {
			isa = PBXGroup;
			children = (
				92D41C3622AD6D5E00706CD3 /* CustomDateFormatter.swift */,
				92D41C2E22AC345C00706CD3 /* PersonalTimeCalculator.swift */,
				92D41C3222AC395C00706CD3 /* PersonalTimeModel.swift */,
				7EB1C04023412AB00028237E /* PersonalPlan */,
				92D12FD722A4237C0093B0A3 /* ExpandingCell */,
				922032E922998F3D0006F92B /* SetupPlanTableViewController.swift */,
				7EB1C0382340FDB00028237E /* SetupPlanPresenter.swift */,
				7E31497E23425D3700941606 /* SetupPlanDataSource.swift */,
			);
			path = SetupPlanScreen;
			sourceTree = "<group>";
		};
		7EF3EE182340F875003BE978 /* TodayCollectionViewCell */ = {
			isa = PBXGroup;
			children = (
				7E41981F2323CA7F007867AB /* TodayCollectionViewCell.swift */,
				7E4198202323CA7F007867AB /* TodayCollectionViewCell.xib */,
			);
			path = TodayCollectionViewCell;
			sourceTree = "<group>";
		};
		7EF3EE192340F8A5003BE978 /* Helpers */ = {
			isa = PBXGroup;
			children = (
				7E98FE68231C47890065FB09 /* Location */,
				7E98FE66231C3D5C0065FB09 /* UserDefaultsManager.swift */,
				7ED962AB2336334A00CD2408 /* AnimationManager.swift */,
				92D41C2522AC04DF00706CD3 /* ArrayManager.swift */,
				92BC919322AB24D800BB1D19 /* GradientManager.swift */,
				7E98FE64231C30C10065FB09 /* UIHelper.swift */,
				7E31497C23425CA600941606 /* TableViewDataSource.swift */,
				7E695A33234A675F0098213D /* CollectionViewDataSource.swift */,
				7EB26950234F9972008AEB3D /* NibLoadable.swift */,
			);
			path = Helpers;
			sourceTree = "<group>";
		};
		92D12FD722A4237C0093B0A3 /* ExpandingCell */ = {
			isa = PBXGroup;
			children = (
				92D12FD522A4045E0093B0A3 /* PickerDataModel.swift */,
				92B78CF8229FAF6C0087240B /* SectionedTableViewCell.swift */,
				92B78CF9229FAF6C0087240B /* SectionedTableViewCell.xib */,
			);
			path = ExpandingCell;
			sourceTree = "<group>";
		};
		92D7D6462296F297009321AE = {
			isa = PBXGroup;
			children = (
				92D7D6512296F297009321AE /* Rise */,
				92D7D6662296F298009321AE /* RiseTests */,
				92D7D6712296F298009321AE /* RiseUITests */,
				92D7D6502296F297009321AE /* Products */,
				D2124982893C2715CAD825C5 /* Pods */,
			);
			sourceTree = "<group>";
		};
		92D7D6502296F297009321AE /* Products */ = {
			isa = PBXGroup;
			children = (
				92D7D64F2296F297009321AE /* Rise.app */,
				92D7D6632296F298009321AE /* RiseTests.xctest */,
				92D7D66E2296F298009321AE /* RiseUITests.xctest */,
			);
			name = Products;
			sourceTree = "<group>";
		};
		92D7D6512296F297009321AE /* Rise */ = {
			isa = PBXGroup;
			children = (
				92D7D6522296F297009321AE /* AppDelegate.swift */,
				92D7D6562296F297009321AE /* Main.storyboard */,
				7E4901872340F3970034521E /* Stories */,
				7EB1C0342340FA6E0028237E /* DataManaging */,
				7EF3EE192340F8A5003BE978 /* Helpers */,
				92D7D68422980138009321AE /* UI */,
				7EF3EE162340F75A003BE978 /* Resources */,
			);
			path = Rise;
			sourceTree = "<group>";
		};
		92D7D6662296F298009321AE /* RiseTests */ = {
			isa = PBXGroup;
			children = (
				92D7D6672296F298009321AE /* RiseTests.swift */,
				92D7D6692296F298009321AE /* Info.plist */,
			);
			path = RiseTests;
			sourceTree = "<group>";
		};
		92D7D6712296F298009321AE /* RiseUITests */ = {
			isa = PBXGroup;
			children = (
				92D7D6722296F298009321AE /* RiseUITests.swift */,
				92D7D6742296F298009321AE /* Info.plist */,
			);
			path = RiseUITests;
			sourceTree = "<group>";
		};
		92D7D68422980138009321AE /* UI */ = {
			isa = PBXGroup;
			children = (
				7EB9003D23256AC9006EB9A8 /* DesignableContainerView.swift */,
				92D12FDC22A44B3B0093B0A3 /* CustomTabBarController.swift */,
				7EA0924122C8CF820019F2E9 /* CustomTransition.swift */,
				7E7413BB2349069500BF4416 /* AnimatedLoadingView.swift */,
				7EB26952234F99AE008AEB3D /* Button.swift */,
				7EB26956234FA6EB008AEB3D /* LoadingView.swift */,
				7EB26958234FA6F7008AEB3D /* LoadingView.xib */,
				7E8C6B972350FB9C0086162F /* TableView.swift */,
			);
			path = UI;
			sourceTree = "<group>";
		};
		D2124982893C2715CAD825C5 /* Pods */ = {
			isa = PBXGroup;
			children = (
			);
			path = Pods;
			sourceTree = "<group>";
		};
/* End PBXGroup section */

/* Begin PBXNativeTarget section */
		92D7D64E2296F297009321AE /* Rise */ = {
			isa = PBXNativeTarget;
			buildConfigurationList = 92D7D6772296F298009321AE /* Build configuration list for PBXNativeTarget "Rise" */;
			buildPhases = (
				92D7D64B2296F297009321AE /* Sources */,
				92D7D64C2296F297009321AE /* Frameworks */,
				92D7D64D2296F297009321AE /* Resources */,
			);
			buildRules = (
			);
			dependencies = (
			);
			name = Rise;
			productName = Rise;
			productReference = 92D7D64F2296F297009321AE /* Rise.app */;
			productType = "com.apple.product-type.application";
		};
		92D7D6622296F298009321AE /* RiseTests */ = {
			isa = PBXNativeTarget;
			buildConfigurationList = 92D7D67A2296F298009321AE /* Build configuration list for PBXNativeTarget "RiseTests" */;
			buildPhases = (
				92D7D65F2296F298009321AE /* Sources */,
				92D7D6602296F298009321AE /* Frameworks */,
				92D7D6612296F298009321AE /* Resources */,
			);
			buildRules = (
			);
			dependencies = (
				92D7D6652296F298009321AE /* PBXTargetDependency */,
			);
			name = RiseTests;
			productName = RiseTests;
			productReference = 92D7D6632296F298009321AE /* RiseTests.xctest */;
			productType = "com.apple.product-type.bundle.unit-test";
		};
		92D7D66D2296F298009321AE /* RiseUITests */ = {
			isa = PBXNativeTarget;
			buildConfigurationList = 92D7D67D2296F298009321AE /* Build configuration list for PBXNativeTarget "RiseUITests" */;
			buildPhases = (
				92D7D66A2296F298009321AE /* Sources */,
				92D7D66B2296F298009321AE /* Frameworks */,
				92D7D66C2296F298009321AE /* Resources */,
			);
			buildRules = (
			);
			dependencies = (
				92D7D6702296F298009321AE /* PBXTargetDependency */,
			);
			name = RiseUITests;
			productName = RiseUITests;
			productReference = 92D7D66E2296F298009321AE /* RiseUITests.xctest */;
			productType = "com.apple.product-type.bundle.ui-testing";
		};
/* End PBXNativeTarget section */

/* Begin PBXProject section */
		92D7D6472296F297009321AE /* Project object */ = {
			isa = PBXProject;
			attributes = {
				LastSwiftUpdateCheck = 1020;
				LastUpgradeCheck = 1020;
				ORGANIZATIONNAME = VladimirBrejcha;
				TargetAttributes = {
					92D7D64E2296F297009321AE = {
						CreatedOnToolsVersion = 10.2.1;
					};
					92D7D6622296F298009321AE = {
						CreatedOnToolsVersion = 10.2.1;
						TestTargetID = 92D7D64E2296F297009321AE;
					};
					92D7D66D2296F298009321AE = {
						CreatedOnToolsVersion = 10.2.1;
						TestTargetID = 92D7D64E2296F297009321AE;
					};
				};
			};
			buildConfigurationList = 92D7D64A2296F297009321AE /* Build configuration list for PBXProject "Rise" */;
			compatibilityVersion = "Xcode 10.0";
			developmentRegion = en;
			hasScannedForEncodings = 0;
			knownRegions = (
				en,
				Base,
			);
			mainGroup = 92D7D6462296F297009321AE;
			productRefGroup = 92D7D6502296F297009321AE /* Products */;
			projectDirPath = "";
			projectRoot = "";
			targets = (
				92D7D64E2296F297009321AE /* Rise */,
				92D7D6622296F298009321AE /* RiseTests */,
				92D7D66D2296F298009321AE /* RiseUITests */,
			);
		};
/* End PBXProject section */

/* Begin PBXResourcesBuildPhase section */
		92D7D64D2296F297009321AE /* Resources */ = {
			isa = PBXResourcesBuildPhase;
			buildActionMask = 2147483647;
			files = (
				7EB9004523298902006EB9A8 /* ProgressTableViewCell.xib in Resources */,
				7EB26959234FA6F7008AEB3D /* LoadingView.xib in Resources */,
				92D7D65D2296F298009321AE /* LaunchScreen.storyboard in Resources */,
				7ED962B02336649E00CD2408 /* PlanInfoTableViewCell.xib in Resources */,
				92B78CFB229FAF6C0087240B /* SectionedTableViewCell.xib in Resources */,
				92D7D65A2296F298009321AE /* Assets.xcassets in Resources */,
				7E4198222323CA7F007867AB /* TodayCollectionViewCell.xib in Resources */,
				92D7D6582296F297009321AE /* Main.storyboard in Resources */,
			);
			runOnlyForDeploymentPostprocessing = 0;
		};
		92D7D6612296F298009321AE /* Resources */ = {
			isa = PBXResourcesBuildPhase;
			buildActionMask = 2147483647;
			files = (
			);
			runOnlyForDeploymentPostprocessing = 0;
		};
		92D7D66C2296F298009321AE /* Resources */ = {
			isa = PBXResourcesBuildPhase;
			buildActionMask = 2147483647;
			files = (
			);
			runOnlyForDeploymentPostprocessing = 0;
		};
/* End PBXResourcesBuildPhase section */

/* Begin PBXSourcesBuildPhase section */
		92D7D64B2296F297009321AE /* Sources */ = {
			isa = PBXSourcesBuildPhase;
			buildActionMask = 2147483647;
			files = (
				7EB26953234F99AE008AEB3D /* Button.swift in Sources */,
				7EB1C0332340F9550028237E /* PersonalPlanViewController.swift in Sources */,
				92E77AFA22A5304400E5E21C /* MainScreenViewController.swift in Sources */,
				7E1F3AA3231D98FC00F60577 /* JSONParser.swift in Sources */,
				7E31497F23425D3700941606 /* SetupPlanDataSource.swift in Sources */,
				7EB9004423298902006EB9A8 /* ProgressTableViewCell.swift in Sources */,
				7E98FE6A231C481D0065FB09 /* WelcomePageViewController.swift in Sources */,
				7E98FE70231C49360065FB09 /* DataBaseManager.swift in Sources */,
				7E98FE63231C2F8C0065FB09 /* LocationModel.swift in Sources */,
				92D7D6552296F297009321AE /* SleepViewController.swift in Sources */,
				7EB26951234F9972008AEB3D /* NibLoadable.swift in Sources */,
				7EB90047232AB9EB006EB9A8 /* ProgressBar.swift in Sources */,
				7E98FE6C231C482B0065FB09 /* LocationPermissionsViewController.swift in Sources */,
				7EB1C0372340FC6B0028237E /* PersonalPlanModel.swift in Sources */,
				92D12FD622A4045E0093B0A3 /* PickerDataModel.swift in Sources */,
				7E4198212323CA7F007867AB /* TodayCollectionViewCell.swift in Sources */,
				7EB9003E23256AC9006EB9A8 /* DesignableContainerView.swift in Sources */,
				92D41C2F22AC345C00706CD3 /* PersonalTimeCalculator.swift in Sources */,
				92D41C2622AC04DF00706CD3 /* ArrayManager.swift in Sources */,
				7E695A34234A675F0098213D /* CollectionViewDataSource.swift in Sources */,
				7EB1C03D23412A9C0028237E /* PersonalPlanHelper.swift in Sources */,
				7E98FE72231D973B0065FB09 /* NetworkManager.swift in Sources */,
				92BC919422AB24D800BB1D19 /* GradientManager.swift in Sources */,
				7E98FE61231C2F340065FB09 /* LocationManager.swift in Sources */,
				7EB2694E234E5816008AEB3D /* RisePersonalPlan+CoreDataClass.swift in Sources */,
				92D12FDD22A44B3B0093B0A3 /* CustomTabBarController.swift in Sources */,
				92D7D6532296F297009321AE /* AppDelegate.swift in Sources */,
				7E7413BC2349069500BF4416 /* AnimatedLoadingView.swift in Sources */,
				7E4901862340DD810034521E /* PersonalPlanData.xcdatamodeld in Sources */,
				7EA0924222C8CF820019F2E9 /* CustomTransition.swift in Sources */,
				92D41C3322AC395C00706CD3 /* PersonalTimeModel.swift in Sources */,
				7E98FE5E231C2EAD0065FB09 /* WelcomeButtonViewController.swift in Sources */,
				7E41982623254F1A007867AB /* SegmentedControlButton.swift in Sources */,
				7EB1C0392340FDB00028237E /* SetupPlanPresenter.swift in Sources */,
				92D41C3722AD6D5E00706CD3 /* CustomDateFormatter.swift in Sources */,
				92B78CFA229FAF6C0087240B /* SectionedTableViewCell.swift in Sources */,
				7ED962AF2336649E00CD2408 /* PlanInfoTableViewCell.swift in Sources */,
				7EB1C03B23411FFD0028237E /* PersonalPlanPresenter.swift in Sources */,
				7E0A8F3C231F04BA0036105C /* DatesManager.swift in Sources */,
				7E98FE67231C3D5C0065FB09 /* UserDefaultsManager.swift in Sources */,
				922032EA22998F3D0006F92B /* SetupPlanTableViewController.swift in Sources */,
				7E31497D23425CA600941606 /* TableViewDataSource.swift in Sources */,
				922032F0229BF2890006F92B /* Constants.swift in Sources */,
				7EB26957234FA6EB008AEB3D /* LoadingView.swift in Sources */,
				92E77AF822A5303400E5E21C /* SettingsViewController.swift in Sources */,
				7EB1C03F23412AAA0028237E /* PersonalPlanBuilder.swift in Sources */,
				7E8C6B982350FB9C0086162F /* TableView.swift in Sources */,
				7E41982423254C36007867AB /* SegmentedControlView.swift in Sources */,
				7EB9004023256BF3006EB9A8 /* CollectionViewWithSegmentedControl.swift in Sources */,
				7ED962AC2336334A00CD2408 /* AnimationManager.swift in Sources */,
				7E98FE65231C30C10065FB09 /* UIHelper.swift in Sources */,
			);
			runOnlyForDeploymentPostprocessing = 0;
		};
		92D7D65F2296F298009321AE /* Sources */ = {
			isa = PBXSourcesBuildPhase;
			buildActionMask = 2147483647;
			files = (
				92D7D6682296F298009321AE /* RiseTests.swift in Sources */,
			);
			runOnlyForDeploymentPostprocessing = 0;
		};
		92D7D66A2296F298009321AE /* Sources */ = {
			isa = PBXSourcesBuildPhase;
			buildActionMask = 2147483647;
			files = (
				92D7D6732296F298009321AE /* RiseUITests.swift in Sources */,
			);
			runOnlyForDeploymentPostprocessing = 0;
		};
/* End PBXSourcesBuildPhase section */

/* Begin PBXTargetDependency section */
		92D7D6652296F298009321AE /* PBXTargetDependency */ = {
			isa = PBXTargetDependency;
			target = 92D7D64E2296F297009321AE /* Rise */;
			targetProxy = 92D7D6642296F298009321AE /* PBXContainerItemProxy */;
		};
		92D7D6702296F298009321AE /* PBXTargetDependency */ = {
			isa = PBXTargetDependency;
			target = 92D7D64E2296F297009321AE /* Rise */;
			targetProxy = 92D7D66F2296F298009321AE /* PBXContainerItemProxy */;
		};
/* End PBXTargetDependency section */

/* Begin PBXVariantGroup section */
		92D7D6562296F297009321AE /* Main.storyboard */ = {
			isa = PBXVariantGroup;
			children = (
				92D7D6572296F297009321AE /* Base */,
			);
			name = Main.storyboard;
			sourceTree = "<group>";
		};
		92D7D65B2296F298009321AE /* LaunchScreen.storyboard */ = {
			isa = PBXVariantGroup;
			children = (
				92D7D65C2296F298009321AE /* Base */,
			);
			name = LaunchScreen.storyboard;
			sourceTree = "<group>";
		};
/* End PBXVariantGroup section */

/* Begin XCBuildConfiguration section */
		92D7D6752296F298009321AE /* Debug */ = {
			isa = XCBuildConfiguration;
			buildSettings = {
				ALWAYS_SEARCH_USER_PATHS = NO;
				CLANG_ANALYZER_NONNULL = YES;
				CLANG_ANALYZER_NUMBER_OBJECT_CONVERSION = YES_AGGRESSIVE;
				CLANG_CXX_LANGUAGE_STANDARD = "gnu++14";
				CLANG_CXX_LIBRARY = "libc++";
				CLANG_ENABLE_MODULES = YES;
				CLANG_ENABLE_OBJC_ARC = YES;
				CLANG_ENABLE_OBJC_WEAK = YES;
				CLANG_WARN_BLOCK_CAPTURE_AUTORELEASING = YES;
				CLANG_WARN_BOOL_CONVERSION = YES;
				CLANG_WARN_COMMA = YES;
				CLANG_WARN_CONSTANT_CONVERSION = YES;
				CLANG_WARN_DEPRECATED_OBJC_IMPLEMENTATIONS = YES;
				CLANG_WARN_DIRECT_OBJC_ISA_USAGE = YES_ERROR;
				CLANG_WARN_DOCUMENTATION_COMMENTS = YES;
				CLANG_WARN_EMPTY_BODY = YES;
				CLANG_WARN_ENUM_CONVERSION = YES;
				CLANG_WARN_INFINITE_RECURSION = YES;
				CLANG_WARN_INT_CONVERSION = YES;
				CLANG_WARN_NON_LITERAL_NULL_CONVERSION = YES;
				CLANG_WARN_OBJC_IMPLICIT_RETAIN_SELF = YES;
				CLANG_WARN_OBJC_LITERAL_CONVERSION = YES;
				CLANG_WARN_OBJC_ROOT_CLASS = YES_ERROR;
				CLANG_WARN_RANGE_LOOP_ANALYSIS = YES;
				CLANG_WARN_STRICT_PROTOTYPES = YES;
				CLANG_WARN_SUSPICIOUS_MOVE = YES;
				CLANG_WARN_UNGUARDED_AVAILABILITY = YES_AGGRESSIVE;
				CLANG_WARN_UNREACHABLE_CODE = YES;
				CLANG_WARN__DUPLICATE_METHOD_MATCH = YES;
				CODE_SIGN_IDENTITY = "iPhone Developer";
				COPY_PHASE_STRIP = NO;
				DEBUG_INFORMATION_FORMAT = dwarf;
				ENABLE_STRICT_OBJC_MSGSEND = YES;
				ENABLE_TESTABILITY = YES;
				GCC_C_LANGUAGE_STANDARD = gnu11;
				GCC_DYNAMIC_NO_PIC = NO;
				GCC_NO_COMMON_BLOCKS = YES;
				GCC_OPTIMIZATION_LEVEL = 0;
				GCC_PREPROCESSOR_DEFINITIONS = (
					"DEBUG=1",
					"$(inherited)",
				);
				GCC_WARN_64_TO_32_BIT_CONVERSION = YES;
				GCC_WARN_ABOUT_RETURN_TYPE = YES_ERROR;
				GCC_WARN_UNDECLARED_SELECTOR = YES;
				GCC_WARN_UNINITIALIZED_AUTOS = YES_AGGRESSIVE;
				GCC_WARN_UNUSED_FUNCTION = YES;
				GCC_WARN_UNUSED_VARIABLE = YES;
				IPHONEOS_DEPLOYMENT_TARGET = 12.2;
				MTL_ENABLE_DEBUG_INFO = INCLUDE_SOURCE;
				MTL_FAST_MATH = YES;
				ONLY_ACTIVE_ARCH = YES;
				SDKROOT = iphoneos;
				SWIFT_ACTIVE_COMPILATION_CONDITIONS = DEBUG;
				SWIFT_OPTIMIZATION_LEVEL = "-Onone";
			};
			name = Debug;
		};
		92D7D6762296F298009321AE /* Release */ = {
			isa = XCBuildConfiguration;
			buildSettings = {
				ALWAYS_SEARCH_USER_PATHS = NO;
				CLANG_ANALYZER_NONNULL = YES;
				CLANG_ANALYZER_NUMBER_OBJECT_CONVERSION = YES_AGGRESSIVE;
				CLANG_CXX_LANGUAGE_STANDARD = "gnu++14";
				CLANG_CXX_LIBRARY = "libc++";
				CLANG_ENABLE_MODULES = YES;
				CLANG_ENABLE_OBJC_ARC = YES;
				CLANG_ENABLE_OBJC_WEAK = YES;
				CLANG_WARN_BLOCK_CAPTURE_AUTORELEASING = YES;
				CLANG_WARN_BOOL_CONVERSION = YES;
				CLANG_WARN_COMMA = YES;
				CLANG_WARN_CONSTANT_CONVERSION = YES;
				CLANG_WARN_DEPRECATED_OBJC_IMPLEMENTATIONS = YES;
				CLANG_WARN_DIRECT_OBJC_ISA_USAGE = YES_ERROR;
				CLANG_WARN_DOCUMENTATION_COMMENTS = YES;
				CLANG_WARN_EMPTY_BODY = YES;
				CLANG_WARN_ENUM_CONVERSION = YES;
				CLANG_WARN_INFINITE_RECURSION = YES;
				CLANG_WARN_INT_CONVERSION = YES;
				CLANG_WARN_NON_LITERAL_NULL_CONVERSION = YES;
				CLANG_WARN_OBJC_IMPLICIT_RETAIN_SELF = YES;
				CLANG_WARN_OBJC_LITERAL_CONVERSION = YES;
				CLANG_WARN_OBJC_ROOT_CLASS = YES_ERROR;
				CLANG_WARN_RANGE_LOOP_ANALYSIS = YES;
				CLANG_WARN_STRICT_PROTOTYPES = YES;
				CLANG_WARN_SUSPICIOUS_MOVE = YES;
				CLANG_WARN_UNGUARDED_AVAILABILITY = YES_AGGRESSIVE;
				CLANG_WARN_UNREACHABLE_CODE = YES;
				CLANG_WARN__DUPLICATE_METHOD_MATCH = YES;
				CODE_SIGN_IDENTITY = "iPhone Developer";
				COPY_PHASE_STRIP = NO;
				DEBUG_INFORMATION_FORMAT = "dwarf-with-dsym";
				ENABLE_NS_ASSERTIONS = NO;
				ENABLE_STRICT_OBJC_MSGSEND = YES;
				GCC_C_LANGUAGE_STANDARD = gnu11;
				GCC_NO_COMMON_BLOCKS = YES;
				GCC_WARN_64_TO_32_BIT_CONVERSION = YES;
				GCC_WARN_ABOUT_RETURN_TYPE = YES_ERROR;
				GCC_WARN_UNDECLARED_SELECTOR = YES;
				GCC_WARN_UNINITIALIZED_AUTOS = YES_AGGRESSIVE;
				GCC_WARN_UNUSED_FUNCTION = YES;
				GCC_WARN_UNUSED_VARIABLE = YES;
				IPHONEOS_DEPLOYMENT_TARGET = 12.2;
				MTL_ENABLE_DEBUG_INFO = NO;
				MTL_FAST_MATH = YES;
				SDKROOT = iphoneos;
				SWIFT_COMPILATION_MODE = wholemodule;
				SWIFT_OPTIMIZATION_LEVEL = "-O";
				VALIDATE_PRODUCT = YES;
			};
			name = Release;
		};
		92D7D6782296F298009321AE /* Debug */ = {
			isa = XCBuildConfiguration;
			buildSettings = {
				ASSETCATALOG_COMPILER_APPICON_NAME = AppIcon;
				CODE_SIGN_STYLE = Automatic;
				DEVELOPMENT_TEAM = 29UN6WTSCZ;
				INFOPLIST_FILE = "$(SRCROOT)/Rise/Resources/Info.plist";
				IPHONEOS_DEPLOYMENT_TARGET = 11.0;
				LD_RUNPATH_SEARCH_PATHS = (
					"$(inherited)",
					"@executable_path/Frameworks",
				);
				PRODUCT_BUNDLE_IDENTIFIER = VladimirBrejcha.Rise;
				PRODUCT_NAME = "$(TARGET_NAME)";
				SWIFT_SWIFT3_OBJC_INFERENCE = Default;
				SWIFT_VERSION = 5.0;
				TARGETED_DEVICE_FAMILY = 1;
			};
			name = Debug;
		};
		92D7D6792296F298009321AE /* Release */ = {
			isa = XCBuildConfiguration;
			buildSettings = {
				ASSETCATALOG_COMPILER_APPICON_NAME = AppIcon;
				CODE_SIGN_STYLE = Automatic;
				DEVELOPMENT_TEAM = 29UN6WTSCZ;
				INFOPLIST_FILE = "$(SRCROOT)/Rise/Resources/Info.plist";
				IPHONEOS_DEPLOYMENT_TARGET = 11.0;
				LD_RUNPATH_SEARCH_PATHS = (
					"$(inherited)",
					"@executable_path/Frameworks",
				);
				PRODUCT_BUNDLE_IDENTIFIER = VladimirBrejcha.Rise;
				PRODUCT_NAME = "$(TARGET_NAME)";
				SWIFT_SWIFT3_OBJC_INFERENCE = Default;
				SWIFT_VERSION = 5.0;
				TARGETED_DEVICE_FAMILY = 1;
			};
			name = Release;
		};
		92D7D67B2296F298009321AE /* Debug */ = {
			isa = XCBuildConfiguration;
			buildSettings = {
				ALWAYS_EMBED_SWIFT_STANDARD_LIBRARIES = YES;
				BUNDLE_LOADER = "$(TEST_HOST)";
				CODE_SIGN_STYLE = Automatic;
				DEVELOPMENT_TEAM = 29UN6WTSCZ;
				INFOPLIST_FILE = RiseTests/Info.plist;
				LD_RUNPATH_SEARCH_PATHS = (
					"$(inherited)",
					"@executable_path/Frameworks",
					"@loader_path/Frameworks",
				);
				PRODUCT_BUNDLE_IDENTIFIER = VladimirBrejcha.RiseTests;
				PRODUCT_NAME = "$(TARGET_NAME)";
				SWIFT_VERSION = 5.0;
				TARGETED_DEVICE_FAMILY = "1,2";
				TEST_HOST = "$(BUILT_PRODUCTS_DIR)/Rise.app/Rise";
			};
			name = Debug;
		};
		92D7D67C2296F298009321AE /* Release */ = {
			isa = XCBuildConfiguration;
			buildSettings = {
				ALWAYS_EMBED_SWIFT_STANDARD_LIBRARIES = YES;
				BUNDLE_LOADER = "$(TEST_HOST)";
				CODE_SIGN_STYLE = Automatic;
				DEVELOPMENT_TEAM = 29UN6WTSCZ;
				INFOPLIST_FILE = RiseTests/Info.plist;
				LD_RUNPATH_SEARCH_PATHS = (
					"$(inherited)",
					"@executable_path/Frameworks",
					"@loader_path/Frameworks",
				);
				PRODUCT_BUNDLE_IDENTIFIER = VladimirBrejcha.RiseTests;
				PRODUCT_NAME = "$(TARGET_NAME)";
				SWIFT_VERSION = 5.0;
				TARGETED_DEVICE_FAMILY = "1,2";
				TEST_HOST = "$(BUILT_PRODUCTS_DIR)/Rise.app/Rise";
			};
			name = Release;
		};
		92D7D67E2296F298009321AE /* Debug */ = {
			isa = XCBuildConfiguration;
			buildSettings = {
				ALWAYS_EMBED_SWIFT_STANDARD_LIBRARIES = YES;
				CODE_SIGN_STYLE = Automatic;
				DEVELOPMENT_TEAM = 29UN6WTSCZ;
				INFOPLIST_FILE = RiseUITests/Info.plist;
				LD_RUNPATH_SEARCH_PATHS = (
					"$(inherited)",
					"@executable_path/Frameworks",
					"@loader_path/Frameworks",
				);
				PRODUCT_BUNDLE_IDENTIFIER = VladimirBrejcha.RiseUITests;
				PRODUCT_NAME = "$(TARGET_NAME)";
				SWIFT_VERSION = 5.0;
				TARGETED_DEVICE_FAMILY = "1,2";
				TEST_TARGET_NAME = Rise;
			};
			name = Debug;
		};
		92D7D67F2296F298009321AE /* Release */ = {
			isa = XCBuildConfiguration;
			buildSettings = {
				ALWAYS_EMBED_SWIFT_STANDARD_LIBRARIES = YES;
				CODE_SIGN_STYLE = Automatic;
				DEVELOPMENT_TEAM = 29UN6WTSCZ;
				INFOPLIST_FILE = RiseUITests/Info.plist;
				LD_RUNPATH_SEARCH_PATHS = (
					"$(inherited)",
					"@executable_path/Frameworks",
					"@loader_path/Frameworks",
				);
				PRODUCT_BUNDLE_IDENTIFIER = VladimirBrejcha.RiseUITests;
				PRODUCT_NAME = "$(TARGET_NAME)";
				SWIFT_VERSION = 5.0;
				TARGETED_DEVICE_FAMILY = "1,2";
				TEST_TARGET_NAME = Rise;
			};
			name = Release;
		};
/* End XCBuildConfiguration section */

/* Begin XCConfigurationList section */
		92D7D64A2296F297009321AE /* Build configuration list for PBXProject "Rise" */ = {
			isa = XCConfigurationList;
			buildConfigurations = (
				92D7D6752296F298009321AE /* Debug */,
				92D7D6762296F298009321AE /* Release */,
			);
			defaultConfigurationIsVisible = 0;
			defaultConfigurationName = Release;
		};
		92D7D6772296F298009321AE /* Build configuration list for PBXNativeTarget "Rise" */ = {
			isa = XCConfigurationList;
			buildConfigurations = (
				92D7D6782296F298009321AE /* Debug */,
				92D7D6792296F298009321AE /* Release */,
			);
			defaultConfigurationIsVisible = 0;
			defaultConfigurationName = Release;
		};
		92D7D67A2296F298009321AE /* Build configuration list for PBXNativeTarget "RiseTests" */ = {
			isa = XCConfigurationList;
			buildConfigurations = (
				92D7D67B2296F298009321AE /* Debug */,
				92D7D67C2296F298009321AE /* Release */,
			);
			defaultConfigurationIsVisible = 0;
			defaultConfigurationName = Release;
		};
		92D7D67D2296F298009321AE /* Build configuration list for PBXNativeTarget "RiseUITests" */ = {
			isa = XCConfigurationList;
			buildConfigurations = (
				92D7D67E2296F298009321AE /* Debug */,
				92D7D67F2296F298009321AE /* Release */,
			);
			defaultConfigurationIsVisible = 0;
			defaultConfigurationName = Release;
		};
/* End XCConfigurationList section */

/* Begin XCVersionGroup section */
		7E4901842340DD810034521E /* PersonalPlanData.xcdatamodeld */ = {
			isa = XCVersionGroup;
			children = (
				7E4901852340DD810034521E /* PersonalPlanData.xcdatamodel */,
			);
			currentVersion = 7E4901852340DD810034521E /* PersonalPlanData.xcdatamodel */;
			path = PersonalPlanData.xcdatamodeld;
			sourceTree = "<group>";
			versionGroupType = wrapper.xcdatamodel;
		};
/* End XCVersionGroup section */
	};
	rootObject = 92D7D6472296F297009321AE /* Project object */;
}
